Microsoft Visual Studio Solution File, Format Version 12.00
# Visual Studio Version 16
VisualStudioVersion = 16.0.29728.190
MinimumVisualStudioVersion = 10.0.40219.1
Project("{2150E333-8FDC-42A3-9474-1A3956D46DE8}") = "Tests", "Tests", "{C6EB24C6-5CCC-4816-94E4-83DEA90E234C}"
EndProject
Project("{FAE04EC0-301F-11D3-BF4B-00C04F79EFBC}") = "Launchpad.Core", "Launchpad.Core\Launchpad.Core.csproj", "{0263188B-1777-4DB0-8E22-D737ABCB9ACC}"
EndProject
Project("{FAE04EC0-301F-11D3-BF4B-00C04F79EFBC}") = "Launchpad.Infrastructure", "Launchpad.Infrastructure\Launchpad.Infrastructure.csproj", "{34C4D43E-08F5-42E2-85C6-DF4C2D834560}"
EndProject
Project("{FAE04EC0-301F-11D3-BF4B-00C04F79EFBC}") = "Launchpad.Infrastructure.DependencyInjection", "Launchpad.Infrastructure.DependencyInjection\Launchpad.Infrastructure.DependencyInjection.csproj", "{25E8BEB9-1D70-48E3-BEA4-7A0AEA4C41FB}"
EndProject
Project("{FAE04EC0-301F-11D3-BF4B-00C04F79EFBC}") = "Launchpad.Infrastructure.Kentico.Web", "Launchpad.Infrastructure.Kentico.Web\Launchpad.Infrastructure.Kentico.Web.csproj", "{50507BD1-6CBB-465D-95C5-1F50B9DF1A4C}"
EndProject
Project("{FAE04EC0-301F-11D3-BF4B-00C04F79EFBC}") = "Launchpad.Web", "Launchpad.Web\Launchpad.Web.csproj", "{B55DA942-E8CA-40FF-B6B1-DEA819460B26}"
	ProjectSection(ProjectDependencies) = postProject
		{0263188B-1777-4DB0-8E22-D737ABCB9ACC} = {0263188B-1777-4DB0-8E22-D737ABCB9ACC}
		{239FA9E2-9458-46C5-A707-F9E98B4C32FD} = {239FA9E2-9458-46C5-A707-F9E98B4C32FD}
	EndProjectSection
EndProject
Project("{FAE04EC0-301F-11D3-BF4B-00C04F79EFBC}") = "Launchpad.Api", "Launchpad.Api\Launchpad.Api.csproj", "{01478226-36D9-4F97-AF1B-51FCD02515C4}"
	ProjectSection(ProjectDependencies) = postProject
		{34C4D43E-08F5-42E2-85C6-DF4C2D834560} = {34C4D43E-08F5-42E2-85C6-DF4C2D834560}
		{0263188B-1777-4DB0-8E22-D737ABCB9ACC} = {0263188B-1777-4DB0-8E22-D737ABCB9ACC}
	EndProjectSection
EndProject
Project("{FAE04EC0-301F-11D3-BF4B-00C04F79EFBC}") = "Custom.Core", "Custom.Core\Custom.Core.csproj", "{06611500-EE5E-480F-A925-D3792E0473FF}"
EndProject
Project("{FAE04EC0-301F-11D3-BF4B-00C04F79EFBC}") = "Custom.Infrastructure", "Custom.Infrastructure\Custom.Infrastructure.csproj", "{C3B3ED54-E38B-4A9F-88AB-2C078321E097}"
EndProject
Project("{FAE04EC0-301F-11D3-BF4B-00C04F79EFBC}") = "Custom.Api", "Custom.Api\Custom.Api.csproj", "{1E5DD5B7-EAAF-48F2-8A9E-791AD9A13B01}"
EndProject
Project("{FAE04EC0-301F-11D3-BF4B-00C04F79EFBC}") = "Launchpad.Infrastructure.Kentico.AzureStorage", "Launchpad.Infrastructure.Kentico.AzureStorage\Launchpad.Infrastructure.Kentico.AzureStorage.csproj", "{3B487A5B-41DB-4541-B192-57126D2E5991}"
EndProject
Project("{FAE04EC0-301F-11D3-BF4B-00C04F79EFBC}") = "Launchpad.Infrastructure.Kentico.ImageOptimization", "Launchpad.Infrastructure.Kentico.ImageOptimization\Launchpad.Infrastructure.Kentico.ImageOptimization.csproj", "{F43E172E-36EC-4C77-B616-EC7EDF6CED46}"
EndProject
Project("{2150E333-8FDC-42A3-9474-1A3956D46DE8}") = "Common", "Common", "{9350BD73-A2F7-4CFA-9D1B-34DC7C4CC6F7}"
EndProject
Project("{2150E333-8FDC-42A3-9474-1A3956D46DE8}") = "Custom", "Custom", "{9FEA6747-DA84-4BE7-8345-298EEF2A8925}"
EndProject
Project("{FAE04EC0-301F-11D3-BF4B-00C04F79EFBC}") = "Launchpad.Infrastructure.Tests", "Tests\Common\Launchpad.Infrastructure.Tests\Launchpad.Infrastructure.Tests.csproj", "{B77E2CBC-918B-4E6D-80D7-75F1E4D4AAA0}"
EndProject
Project("{FAE04EC0-301F-11D3-BF4B-00C04F79EFBC}") = "Custom.Infrastructure.Tests", "Tests\Custom\Custom.Infrastructure.Tests\Custom.Infrastructure.Tests.csproj", "{239FA9E2-9458-46C5-A707-F9E98B4C32FD}"
EndProject
Project("{FAE04EC0-301F-11D3-BF4B-00C04F79EFBC}") = "Custom.Infrastructure.Kentico.Web", "Custom.Infrastructure.Kentico.Web\Custom.Infrastructure.Kentico.Web.csproj", "{0B20D182-B7F7-4514-A538-82578244619B}"
EndProject
Global
	GlobalSection(SolutionConfigurationPlatforms) = preSolution
		Debug|Any CPU = Debug|Any CPU
		DEV|Any CPU = DEV|Any CPU
		PROD|Any CPU = PROD|Any CPU
		QA|Any CPU = QA|Any CPU
		Release|Any CPU = Release|Any CPU
		Release-Dev|Any CPU = Release-Dev|Any CPU
		STAGING|Any CPU = STAGING|Any CPU
		TEST|Any CPU = TEST|Any CPU
	EndGlobalSection
	GlobalSection(ProjectConfigurationPlatforms) = postSolution
		{0263188B-1777-4DB0-8E22-D737ABCB9ACC}.Debug|Any CPU.ActiveCfg = Debug|Any CPU
		{0263188B-1777-4DB0-8E22-D737ABCB9ACC}.Debug|Any CPU.Build.0 = Debug|Any CPU
		{0263188B-1777-4DB0-8E22-D737ABCB9ACC}.DEV|Any CPU.ActiveCfg = DEV|Any CPU
		{0263188B-1777-4DB0-8E22-D737ABCB9ACC}.DEV|Any CPU.Build.0 = DEV|Any CPU
		{0263188B-1777-4DB0-8E22-D737ABCB9ACC}.PROD|Any CPU.ActiveCfg = PROD|Any CPU
		{0263188B-1777-4DB0-8E22-D737ABCB9ACC}.PROD|Any CPU.Build.0 = PROD|Any CPU
		{0263188B-1777-4DB0-8E22-D737ABCB9ACC}.QA|Any CPU.ActiveCfg = QA|Any CPU
		{0263188B-1777-4DB0-8E22-D737ABCB9ACC}.QA|Any CPU.Build.0 = QA|Any CPU
		{0263188B-1777-4DB0-8E22-D737ABCB9ACC}.Release|Any CPU.ActiveCfg = Release|Any CPU
		{0263188B-1777-4DB0-8E22-D737ABCB9ACC}.Release|Any CPU.Build.0 = Release|Any CPU
		{0263188B-1777-4DB0-8E22-D737ABCB9ACC}.Release-Dev|Any CPU.ActiveCfg = Release-Dev|Any CPU
		{0263188B-1777-4DB0-8E22-D737ABCB9ACC}.Release-Dev|Any CPU.Build.0 = Release-Dev|Any CPU
		{0263188B-1777-4DB0-8E22-D737ABCB9ACC}.STAGING|Any CPU.ActiveCfg = STAGING|Any CPU
		{0263188B-1777-4DB0-8E22-D737ABCB9ACC}.STAGING|Any CPU.Build.0 = STAGING|Any CPU
		{0263188B-1777-4DB0-8E22-D737ABCB9ACC}.TEST|Any CPU.ActiveCfg = TEST|Any CPU
		{0263188B-1777-4DB0-8E22-D737ABCB9ACC}.TEST|Any CPU.Build.0 = TEST|Any CPU
		{34C4D43E-08F5-42E2-85C6-DF4C2D834560}.Debug|Any CPU.ActiveCfg = Debug|Any CPU
		{34C4D43E-08F5-42E2-85C6-DF4C2D834560}.Debug|Any CPU.Build.0 = Debug|Any CPU
		{34C4D43E-08F5-42E2-85C6-DF4C2D834560}.DEV|Any CPU.ActiveCfg = DEV|Any CPU
		{34C4D43E-08F5-42E2-85C6-DF4C2D834560}.DEV|Any CPU.Build.0 = DEV|Any CPU
		{34C4D43E-08F5-42E2-85C6-DF4C2D834560}.PROD|Any CPU.ActiveCfg = PROD|Any CPU
		{34C4D43E-08F5-42E2-85C6-DF4C2D834560}.PROD|Any CPU.Build.0 = PROD|Any CPU
		{34C4D43E-08F5-42E2-85C6-DF4C2D834560}.QA|Any CPU.ActiveCfg = QA|Any CPU
		{34C4D43E-08F5-42E2-85C6-DF4C2D834560}.QA|Any CPU.Build.0 = QA|Any CPU
		{34C4D43E-08F5-42E2-85C6-DF4C2D834560}.Release|Any CPU.ActiveCfg = Release|Any CPU
		{34C4D43E-08F5-42E2-85C6-DF4C2D834560}.Release|Any CPU.Build.0 = Release|Any CPU
		{34C4D43E-08F5-42E2-85C6-DF4C2D834560}.Release-Dev|Any CPU.ActiveCfg = Release-Dev|Any CPU
		{34C4D43E-08F5-42E2-85C6-DF4C2D834560}.Release-Dev|Any CPU.Build.0 = Release-Dev|Any CPU
		{34C4D43E-08F5-42E2-85C6-DF4C2D834560}.STAGING|Any CPU.ActiveCfg = STAGING|Any CPU
		{34C4D43E-08F5-42E2-85C6-DF4C2D834560}.STAGING|Any CPU.Build.0 = STAGING|Any CPU
		{34C4D43E-08F5-42E2-85C6-DF4C2D834560}.TEST|Any CPU.ActiveCfg = TEST|Any CPU
		{34C4D43E-08F5-42E2-85C6-DF4C2D834560}.TEST|Any CPU.Build.0 = TEST|Any CPU
		{25E8BEB9-1D70-48E3-BEA4-7A0AEA4C41FB}.Debug|Any CPU.ActiveCfg = Debug|Any CPU
		{25E8BEB9-1D70-48E3-BEA4-7A0AEA4C41FB}.Debug|Any CPU.Build.0 = Debug|Any CPU
		{25E8BEB9-1D70-48E3-BEA4-7A0AEA4C41FB}.DEV|Any CPU.ActiveCfg = DEV|Any CPU
		{25E8BEB9-1D70-48E3-BEA4-7A0AEA4C41FB}.DEV|Any CPU.Build.0 = DEV|Any CPU
		{25E8BEB9-1D70-48E3-BEA4-7A0AEA4C41FB}.PROD|Any CPU.ActiveCfg = PROD|Any CPU
		{25E8BEB9-1D70-48E3-BEA4-7A0AEA4C41FB}.PROD|Any CPU.Build.0 = PROD|Any CPU
		{25E8BEB9-1D70-48E3-BEA4-7A0AEA4C41FB}.QA|Any CPU.ActiveCfg = QA|Any CPU
		{25E8BEB9-1D70-48E3-BEA4-7A0AEA4C41FB}.QA|Any CPU.Build.0 = QA|Any CPU
		{25E8BEB9-1D70-48E3-BEA4-7A0AEA4C41FB}.Release|Any CPU.ActiveCfg = Release|Any CPU
		{25E8BEB9-1D70-48E3-BEA4-7A0AEA4C41FB}.Release|Any CPU.Build.0 = Release|Any CPU
		{25E8BEB9-1D70-48E3-BEA4-7A0AEA4C41FB}.Release-Dev|Any CPU.ActiveCfg = Release-Dev|Any CPU
		{25E8BEB9-1D70-48E3-BEA4-7A0AEA4C41FB}.Release-Dev|Any CPU.Build.0 = Release-Dev|Any CPU
		{25E8BEB9-1D70-48E3-BEA4-7A0AEA4C41FB}.STAGING|Any CPU.ActiveCfg = STAGING|Any CPU
		{25E8BEB9-1D70-48E3-BEA4-7A0AEA4C41FB}.STAGING|Any CPU.Build.0 = STAGING|Any CPU
		{25E8BEB9-1D70-48E3-BEA4-7A0AEA4C41FB}.TEST|Any CPU.ActiveCfg = TEST|Any CPU
		{25E8BEB9-1D70-48E3-BEA4-7A0AEA4C41FB}.TEST|Any CPU.Build.0 = TEST|Any CPU
		{50507BD1-6CBB-465D-95C5-1F50B9DF1A4C}.Debug|Any CPU.ActiveCfg = Debug|Any CPU
		{50507BD1-6CBB-465D-95C5-1F50B9DF1A4C}.Debug|Any CPU.Build.0 = Debug|Any CPU
		{50507BD1-6CBB-465D-95C5-1F50B9DF1A4C}.DEV|Any CPU.ActiveCfg = DEV|Any CPU
		{50507BD1-6CBB-465D-95C5-1F50B9DF1A4C}.DEV|Any CPU.Build.0 = DEV|Any CPU
		{50507BD1-6CBB-465D-95C5-1F50B9DF1A4C}.PROD|Any CPU.ActiveCfg = PROD|Any CPU
		{50507BD1-6CBB-465D-95C5-1F50B9DF1A4C}.PROD|Any CPU.Build.0 = PROD|Any CPU
		{50507BD1-6CBB-465D-95C5-1F50B9DF1A4C}.QA|Any CPU.ActiveCfg = QA|Any CPU
		{50507BD1-6CBB-465D-95C5-1F50B9DF1A4C}.QA|Any CPU.Build.0 = QA|Any CPU
		{50507BD1-6CBB-465D-95C5-1F50B9DF1A4C}.Release|Any CPU.ActiveCfg = Release|Any CPU
		{50507BD1-6CBB-465D-95C5-1F50B9DF1A4C}.Release|Any CPU.Build.0 = Release|Any CPU
		{50507BD1-6CBB-465D-95C5-1F50B9DF1A4C}.Release-Dev|Any CPU.ActiveCfg = Release-Dev|Any CPU
		{50507BD1-6CBB-465D-95C5-1F50B9DF1A4C}.Release-Dev|Any CPU.Build.0 = Release-Dev|Any CPU
		{50507BD1-6CBB-465D-95C5-1F50B9DF1A4C}.STAGING|Any CPU.ActiveCfg = STAGING|Any CPU
		{50507BD1-6CBB-465D-95C5-1F50B9DF1A4C}.STAGING|Any CPU.Build.0 = STAGING|Any CPU
		{50507BD1-6CBB-465D-95C5-1F50B9DF1A4C}.TEST|Any CPU.ActiveCfg = TEST|Any CPU
		{50507BD1-6CBB-465D-95C5-1F50B9DF1A4C}.TEST|Any CPU.Build.0 = TEST|Any CPU
		{B55DA942-E8CA-40FF-B6B1-DEA819460B26}.Debug|Any CPU.ActiveCfg = Debug|Any CPU
		{B55DA942-E8CA-40FF-B6B1-DEA819460B26}.Debug|Any CPU.Build.0 = Debug|Any CPU
		{B55DA942-E8CA-40FF-B6B1-DEA819460B26}.DEV|Any CPU.ActiveCfg = DEV|Any CPU
		{B55DA942-E8CA-40FF-B6B1-DEA819460B26}.DEV|Any CPU.Build.0 = DEV|Any CPU
		{B55DA942-E8CA-40FF-B6B1-DEA819460B26}.PROD|Any CPU.ActiveCfg = PROD|Any CPU
		{B55DA942-E8CA-40FF-B6B1-DEA819460B26}.PROD|Any CPU.Build.0 = PROD|Any CPU
		{B55DA942-E8CA-40FF-B6B1-DEA819460B26}.QA|Any CPU.ActiveCfg = QA|Any CPU
		{B55DA942-E8CA-40FF-B6B1-DEA819460B26}.QA|Any CPU.Build.0 = QA|Any CPU
		{B55DA942-E8CA-40FF-B6B1-DEA819460B26}.Release|Any CPU.ActiveCfg = Release|Any CPU
		{B55DA942-E8CA-40FF-B6B1-DEA819460B26}.Release|Any CPU.Build.0 = Release|Any CPU
		{B55DA942-E8CA-40FF-B6B1-DEA819460B26}.Release-Dev|Any CPU.ActiveCfg = Release-Dev|Any CPU
		{B55DA942-E8CA-40FF-B6B1-DEA819460B26}.Release-Dev|Any CPU.Build.0 = Release-Dev|Any CPU
		{B55DA942-E8CA-40FF-B6B1-DEA819460B26}.STAGING|Any CPU.ActiveCfg = STAGING|Any CPU
		{B55DA942-E8CA-40FF-B6B1-DEA819460B26}.STAGING|Any CPU.Build.0 = STAGING|Any CPU
		{B55DA942-E8CA-40FF-B6B1-DEA819460B26}.TEST|Any CPU.ActiveCfg = TEST|Any CPU
		{B55DA942-E8CA-40FF-B6B1-DEA819460B26}.TEST|Any CPU.Build.0 = TEST|Any CPU
		{01478226-36D9-4F97-AF1B-51FCD02515C4}.Debug|Any CPU.ActiveCfg = Debug|Any CPU
		{01478226-36D9-4F97-AF1B-51FCD02515C4}.Debug|Any CPU.Build.0 = Debug|Any CPU
		{01478226-36D9-4F97-AF1B-51FCD02515C4}.DEV|Any CPU.ActiveCfg = DEV|Any CPU
		{01478226-36D9-4F97-AF1B-51FCD02515C4}.DEV|Any CPU.Build.0 = DEV|Any CPU
		{01478226-36D9-4F97-AF1B-51FCD02515C4}.PROD|Any CPU.ActiveCfg = PROD|Any CPU
		{01478226-36D9-4F97-AF1B-51FCD02515C4}.PROD|Any CPU.Build.0 = PROD|Any CPU
		{01478226-36D9-4F97-AF1B-51FCD02515C4}.QA|Any CPU.ActiveCfg = QA|Any CPU
		{01478226-36D9-4F97-AF1B-51FCD02515C4}.QA|Any CPU.Build.0 = QA|Any CPU
		{01478226-36D9-4F97-AF1B-51FCD02515C4}.Release|Any CPU.ActiveCfg = Release|Any CPU
		{01478226-36D9-4F97-AF1B-51FCD02515C4}.Release|Any CPU.Build.0 = Release|Any CPU
		{01478226-36D9-4F97-AF1B-51FCD02515C4}.Release-Dev|Any CPU.ActiveCfg = Release-Dev|Any CPU
		{01478226-36D9-4F97-AF1B-51FCD02515C4}.Release-Dev|Any CPU.Build.0 = Release-Dev|Any CPU
		{01478226-36D9-4F97-AF1B-51FCD02515C4}.STAGING|Any CPU.ActiveCfg = STAGING|Any CPU
		{01478226-36D9-4F97-AF1B-51FCD02515C4}.STAGING|Any CPU.Build.0 = STAGING|Any CPU
		{01478226-36D9-4F97-AF1B-51FCD02515C4}.TEST|Any CPU.ActiveCfg = TEST|Any CPU
		{01478226-36D9-4F97-AF1B-51FCD02515C4}.TEST|Any CPU.Build.0 = TEST|Any CPU
		{06611500-EE5E-480F-A925-D3792E0473FF}.Debug|Any CPU.ActiveCfg = Debug|Any CPU
		{06611500-EE5E-480F-A925-D3792E0473FF}.Debug|Any CPU.Build.0 = Debug|Any CPU
		{06611500-EE5E-480F-A925-D3792E0473FF}.DEV|Any CPU.ActiveCfg = Debug|Any CPU
		{06611500-EE5E-480F-A925-D3792E0473FF}.DEV|Any CPU.Build.0 = Debug|Any CPU
		{06611500-EE5E-480F-A925-D3792E0473FF}.PROD|Any CPU.ActiveCfg = Release|Any CPU
		{06611500-EE5E-480F-A925-D3792E0473FF}.PROD|Any CPU.Build.0 = Release|Any CPU
		{06611500-EE5E-480F-A925-D3792E0473FF}.QA|Any CPU.ActiveCfg = Release|Any CPU
		{06611500-EE5E-480F-A925-D3792E0473FF}.QA|Any CPU.Build.0 = Release|Any CPU
		{06611500-EE5E-480F-A925-D3792E0473FF}.Release|Any CPU.ActiveCfg = Release|Any CPU
		{06611500-EE5E-480F-A925-D3792E0473FF}.Release|Any CPU.Build.0 = Release|Any CPU
		{06611500-EE5E-480F-A925-D3792E0473FF}.Release-Dev|Any CPU.ActiveCfg = Release-Dev|Any CPU
		{06611500-EE5E-480F-A925-D3792E0473FF}.Release-Dev|Any CPU.Build.0 = Release-Dev|Any CPU
		{06611500-EE5E-480F-A925-D3792E0473FF}.STAGING|Any CPU.ActiveCfg = Release|Any CPU
		{06611500-EE5E-480F-A925-D3792E0473FF}.STAGING|Any CPU.Build.0 = Release|Any CPU
		{06611500-EE5E-480F-A925-D3792E0473FF}.TEST|Any CPU.ActiveCfg = TEST|Any CPU
		{06611500-EE5E-480F-A925-D3792E0473FF}.TEST|Any CPU.Build.0 = TEST|Any CPU
		{C3B3ED54-E38B-4A9F-88AB-2C078321E097}.Debug|Any CPU.ActiveCfg = Debug|Any CPU
		{C3B3ED54-E38B-4A9F-88AB-2C078321E097}.Debug|Any CPU.Build.0 = Debug|Any CPU
		{C3B3ED54-E38B-4A9F-88AB-2C078321E097}.DEV|Any CPU.ActiveCfg = Debug|Any CPU
		{C3B3ED54-E38B-4A9F-88AB-2C078321E097}.DEV|Any CPU.Build.0 = Debug|Any CPU
		{C3B3ED54-E38B-4A9F-88AB-2C078321E097}.PROD|Any CPU.ActiveCfg = Release|Any CPU
		{C3B3ED54-E38B-4A9F-88AB-2C078321E097}.PROD|Any CPU.Build.0 = Release|Any CPU
		{C3B3ED54-E38B-4A9F-88AB-2C078321E097}.QA|Any CPU.ActiveCfg = Release|Any CPU
		{C3B3ED54-E38B-4A9F-88AB-2C078321E097}.QA|Any CPU.Build.0 = Release|Any CPU
		{C3B3ED54-E38B-4A9F-88AB-2C078321E097}.Release|Any CPU.ActiveCfg = Release|Any CPU
		{C3B3ED54-E38B-4A9F-88AB-2C078321E097}.Release|Any CPU.Build.0 = Release|Any CPU
		{C3B3ED54-E38B-4A9F-88AB-2C078321E097}.Release-Dev|Any CPU.ActiveCfg = Release-Dev|Any CPU
		{C3B3ED54-E38B-4A9F-88AB-2C078321E097}.Release-Dev|Any CPU.Build.0 = Release-Dev|Any CPU
		{C3B3ED54-E38B-4A9F-88AB-2C078321E097}.STAGING|Any CPU.ActiveCfg = Release|Any CPU
		{C3B3ED54-E38B-4A9F-88AB-2C078321E097}.STAGING|Any CPU.Build.0 = Release|Any CPU
		{C3B3ED54-E38B-4A9F-88AB-2C078321E097}.TEST|Any CPU.ActiveCfg = TEST|Any CPU
		{C3B3ED54-E38B-4A9F-88AB-2C078321E097}.TEST|Any CPU.Build.0 = TEST|Any CPU
		{1E5DD5B7-EAAF-48F2-8A9E-791AD9A13B01}.Debug|Any CPU.ActiveCfg = Debug|Any CPU
		{1E5DD5B7-EAAF-48F2-8A9E-791AD9A13B01}.Debug|Any CPU.Build.0 = Debug|Any CPU
		{1E5DD5B7-EAAF-48F2-8A9E-791AD9A13B01}.DEV|Any CPU.ActiveCfg = Debug|Any CPU
		{1E5DD5B7-EAAF-48F2-8A9E-791AD9A13B01}.DEV|Any CPU.Build.0 = Debug|Any CPU
		{1E5DD5B7-EAAF-48F2-8A9E-791AD9A13B01}.PROD|Any CPU.ActiveCfg = Release|Any CPU
		{1E5DD5B7-EAAF-48F2-8A9E-791AD9A13B01}.PROD|Any CPU.Build.0 = Release|Any CPU
		{1E5DD5B7-EAAF-48F2-8A9E-791AD9A13B01}.QA|Any CPU.ActiveCfg = Release|Any CPU
		{1E5DD5B7-EAAF-48F2-8A9E-791AD9A13B01}.QA|Any CPU.Build.0 = Release|Any CPU
		{1E5DD5B7-EAAF-48F2-8A9E-791AD9A13B01}.Release|Any CPU.ActiveCfg = Release|Any CPU
		{1E5DD5B7-EAAF-48F2-8A9E-791AD9A13B01}.Release|Any CPU.Build.0 = Release|Any CPU
		{1E5DD5B7-EAAF-48F2-8A9E-791AD9A13B01}.Release-Dev|Any CPU.ActiveCfg = Release-Dev|Any CPU
		{1E5DD5B7-EAAF-48F2-8A9E-791AD9A13B01}.Release-Dev|Any CPU.Build.0 = Release-Dev|Any CPU
		{1E5DD5B7-EAAF-48F2-8A9E-791AD9A13B01}.STAGING|Any CPU.ActiveCfg = Release|Any CPU
		{1E5DD5B7-EAAF-48F2-8A9E-791AD9A13B01}.STAGING|Any CPU.Build.0 = Release|Any CPU
		{1E5DD5B7-EAAF-48F2-8A9E-791AD9A13B01}.TEST|Any CPU.ActiveCfg = TEST|Any CPU
		{1E5DD5B7-EAAF-48F2-8A9E-791AD9A13B01}.TEST|Any CPU.Build.0 = TEST|Any CPU
		{3B487A5B-41DB-4541-B192-57126D2E5991}.Debug|Any CPU.ActiveCfg = Debug|Any CPU
		{3B487A5B-41DB-4541-B192-57126D2E5991}.Debug|Any CPU.Build.0 = Debug|Any CPU
		{3B487A5B-41DB-4541-B192-57126D2E5991}.DEV|Any CPU.ActiveCfg = Debug|Any CPU
		{3B487A5B-41DB-4541-B192-57126D2E5991}.DEV|Any CPU.Build.0 = Debug|Any CPU
		{3B487A5B-41DB-4541-B192-57126D2E5991}.PROD|Any CPU.ActiveCfg = Release|Any CPU
		{3B487A5B-41DB-4541-B192-57126D2E5991}.PROD|Any CPU.Build.0 = Release|Any CPU
		{3B487A5B-41DB-4541-B192-57126D2E5991}.QA|Any CPU.ActiveCfg = Release|Any CPU
		{3B487A5B-41DB-4541-B192-57126D2E5991}.QA|Any CPU.Build.0 = Release|Any CPU
		{3B487A5B-41DB-4541-B192-57126D2E5991}.Release|Any CPU.ActiveCfg = Release|Any CPU
		{3B487A5B-41DB-4541-B192-57126D2E5991}.Release|Any CPU.Build.0 = Release|Any CPU
		{3B487A5B-41DB-4541-B192-57126D2E5991}.Release-Dev|Any CPU.ActiveCfg = Release-Dev|Any CPU
		{3B487A5B-41DB-4541-B192-57126D2E5991}.Release-Dev|Any CPU.Build.0 = Release-Dev|Any CPU
		{3B487A5B-41DB-4541-B192-57126D2E5991}.STAGING|Any CPU.ActiveCfg = Release|Any CPU
		{3B487A5B-41DB-4541-B192-57126D2E5991}.STAGING|Any CPU.Build.0 = Release|Any CPU
		{3B487A5B-41DB-4541-B192-57126D2E5991}.TEST|Any CPU.ActiveCfg = TEST|Any CPU
		{3B487A5B-41DB-4541-B192-57126D2E5991}.TEST|Any CPU.Build.0 = TEST|Any CPU
		{F43E172E-36EC-4C77-B616-EC7EDF6CED46}.Debug|Any CPU.ActiveCfg = Debug|Any CPU
		{F43E172E-36EC-4C77-B616-EC7EDF6CED46}.Debug|Any CPU.Build.0 = Debug|Any CPU
		{F43E172E-36EC-4C77-B616-EC7EDF6CED46}.DEV|Any CPU.ActiveCfg = Debug|Any CPU
		{F43E172E-36EC-4C77-B616-EC7EDF6CED46}.DEV|Any CPU.Build.0 = Debug|Any CPU
		{F43E172E-36EC-4C77-B616-EC7EDF6CED46}.PROD|Any CPU.ActiveCfg = Release|Any CPU
		{F43E172E-36EC-4C77-B616-EC7EDF6CED46}.PROD|Any CPU.Build.0 = Release|Any CPU
		{F43E172E-36EC-4C77-B616-EC7EDF6CED46}.QA|Any CPU.ActiveCfg = Release|Any CPU
		{F43E172E-36EC-4C77-B616-EC7EDF6CED46}.QA|Any CPU.Build.0 = Release|Any CPU
		{F43E172E-36EC-4C77-B616-EC7EDF6CED46}.Release|Any CPU.ActiveCfg = Release|Any CPU
		{F43E172E-36EC-4C77-B616-EC7EDF6CED46}.Release|Any CPU.Build.0 = Release|Any CPU
		{F43E172E-36EC-4C77-B616-EC7EDF6CED46}.Release-Dev|Any CPU.ActiveCfg = Release-Dev|Any CPU
		{F43E172E-36EC-4C77-B616-EC7EDF6CED46}.Release-Dev|Any CPU.Build.0 = Release-Dev|Any CPU
		{F43E172E-36EC-4C77-B616-EC7EDF6CED46}.STAGING|Any CPU.ActiveCfg = Release|Any CPU
		{F43E172E-36EC-4C77-B616-EC7EDF6CED46}.STAGING|Any CPU.Build.0 = Release|Any CPU
		{F43E172E-36EC-4C77-B616-EC7EDF6CED46}.TEST|Any CPU.ActiveCfg = TEST|Any CPU
		{F43E172E-36EC-4C77-B616-EC7EDF6CED46}.TEST|Any CPU.Build.0 = TEST|Any CPU
		{B77E2CBC-918B-4E6D-80D7-75F1E4D4AAA0}.Debug|Any CPU.ActiveCfg = Debug|Any CPU
		{B77E2CBC-918B-4E6D-80D7-75F1E4D4AAA0}.Debug|Any CPU.Build.0 = Debug|Any CPU
		{B77E2CBC-918B-4E6D-80D7-75F1E4D4AAA0}.DEV|Any CPU.ActiveCfg = DEV|Any CPU
		{B77E2CBC-918B-4E6D-80D7-75F1E4D4AAA0}.DEV|Any CPU.Build.0 = DEV|Any CPU
		{B77E2CBC-918B-4E6D-80D7-75F1E4D4AAA0}.PROD|Any CPU.ActiveCfg = PROD|Any CPU
		{B77E2CBC-918B-4E6D-80D7-75F1E4D4AAA0}.PROD|Any CPU.Build.0 = PROD|Any CPU
		{B77E2CBC-918B-4E6D-80D7-75F1E4D4AAA0}.QA|Any CPU.ActiveCfg = QA|Any CPU
		{B77E2CBC-918B-4E6D-80D7-75F1E4D4AAA0}.QA|Any CPU.Build.0 = QA|Any CPU
		{B77E2CBC-918B-4E6D-80D7-75F1E4D4AAA0}.Release|Any CPU.ActiveCfg = Release|Any CPU
		{B77E2CBC-918B-4E6D-80D7-75F1E4D4AAA0}.Release|Any CPU.Build.0 = Release|Any CPU
		{B77E2CBC-918B-4E6D-80D7-75F1E4D4AAA0}.Release-Dev|Any CPU.ActiveCfg = Release-Dev|Any CPU
		{B77E2CBC-918B-4E6D-80D7-75F1E4D4AAA0}.Release-Dev|Any CPU.Build.0 = Release-Dev|Any CPU
		{B77E2CBC-918B-4E6D-80D7-75F1E4D4AAA0}.STAGING|Any CPU.ActiveCfg = STAGING|Any CPU
		{B77E2CBC-918B-4E6D-80D7-75F1E4D4AAA0}.STAGING|Any CPU.Build.0 = STAGING|Any CPU
		{B77E2CBC-918B-4E6D-80D7-75F1E4D4AAA0}.TEST|Any CPU.ActiveCfg = TEST|Any CPU
		{B77E2CBC-918B-4E6D-80D7-75F1E4D4AAA0}.TEST|Any CPU.Build.0 = TEST|Any CPU
		{239FA9E2-9458-46C5-A707-F9E98B4C32FD}.Debug|Any CPU.ActiveCfg = Debug|Any CPU
		{239FA9E2-9458-46C5-A707-F9E98B4C32FD}.Debug|Any CPU.Build.0 = Debug|Any CPU
		{239FA9E2-9458-46C5-A707-F9E98B4C32FD}.DEV|Any CPU.ActiveCfg = Debug|Any CPU
		{239FA9E2-9458-46C5-A707-F9E98B4C32FD}.DEV|Any CPU.Build.0 = Debug|Any CPU
		{239FA9E2-9458-46C5-A707-F9E98B4C32FD}.PROD|Any CPU.ActiveCfg = Release|Any CPU
		{239FA9E2-9458-46C5-A707-F9E98B4C32FD}.PROD|Any CPU.Build.0 = Release|Any CPU
		{239FA9E2-9458-46C5-A707-F9E98B4C32FD}.QA|Any CPU.ActiveCfg = Release|Any CPU
		{239FA9E2-9458-46C5-A707-F9E98B4C32FD}.QA|Any CPU.Build.0 = Release|Any CPU
		{239FA9E2-9458-46C5-A707-F9E98B4C32FD}.Release|Any CPU.ActiveCfg = Release|Any CPU
		{239FA9E2-9458-46C5-A707-F9E98B4C32FD}.Release|Any CPU.Build.0 = Release|Any CPU
		{239FA9E2-9458-46C5-A707-F9E98B4C32FD}.Release-Dev|Any CPU.ActiveCfg = Release-Dev|Any CPU
		{239FA9E2-9458-46C5-A707-F9E98B4C32FD}.Release-Dev|Any CPU.Build.0 = Release-Dev|Any CPU
		{239FA9E2-9458-46C5-A707-F9E98B4C32FD}.STAGING|Any CPU.ActiveCfg = Release|Any CPU
		{239FA9E2-9458-46C5-A707-F9E98B4C32FD}.STAGING|Any CPU.Build.0 = Release|Any CPU
		{239FA9E2-9458-46C5-A707-F9E98B4C32FD}.TEST|Any CPU.ActiveCfg = TEST|Any CPU
		{239FA9E2-9458-46C5-A707-F9E98B4C32FD}.TEST|Any CPU.Build.0 = TEST|Any CPU
		{0B20D182-B7F7-4514-A538-82578244619B}.Debug|Any CPU.ActiveCfg = Debug|Any CPU
		{0B20D182-B7F7-4514-A538-82578244619B}.Debug|Any CPU.Build.0 = Debug|Any CPU
		{0B20D182-B7F7-4514-A538-82578244619B}.DEV|Any CPU.ActiveCfg = Debug|Any CPU
		{0B20D182-B7F7-4514-A538-82578244619B}.DEV|Any CPU.Build.0 = Debug|Any CPU
		{0B20D182-B7F7-4514-A538-82578244619B}.PROD|Any CPU.ActiveCfg = Release|Any CPU
		{0B20D182-B7F7-4514-A538-82578244619B}.PROD|Any CPU.Build.0 = Release|Any CPU
		{0B20D182-B7F7-4514-A538-82578244619B}.QA|Any CPU.ActiveCfg = Release|Any CPU
		{0B20D182-B7F7-4514-A538-82578244619B}.QA|Any CPU.Build.0 = Release|Any CPU
		{0B20D182-B7F7-4514-A538-82578244619B}.Release|Any CPU.ActiveCfg = Release|Any CPU
		{0B20D182-B7F7-4514-A538-82578244619B}.Release|Any CPU.Build.0 = Release|Any CPU
		{0B20D182-B7F7-4514-A538-82578244619B}.Release-Dev|Any CPU.ActiveCfg = Release-Dev|Any CPU
		{0B20D182-B7F7-4514-A538-82578244619B}.Release-Dev|Any CPU.Build.0 = Release-Dev|Any CPU
		{0B20D182-B7F7-4514-A538-82578244619B}.STAGING|Any CPU.ActiveCfg = Release|Any CPU
		{0B20D182-B7F7-4514-A538-82578244619B}.STAGING|Any CPU.Build.0 = Release|Any CPU
		{0B20D182-B7F7-4514-A538-82578244619B}.TEST|Any CPU.ActiveCfg = Release|Any CPU
		{0B20D182-B7F7-4514-A538-82578244619B}.TEST|Any CPU.Build.0 = Release|Any CPU
	EndGlobalSection
	GlobalSection(SolutionProperties) = preSolution
		HideSolutionNode = FALSE
	EndGlobalSection
	GlobalSection(NestedProjects) = preSolution
		{9350BD73-A2F7-4CFA-9D1B-34DC7C4CC6F7} = {C6EB24C6-5CCC-4816-94E4-83DEA90E234C}
		{9FEA6747-DA84-4BE7-8345-298EEF2A8925} = {C6EB24C6-5CCC-4816-94E4-83DEA90E234C}
		{B77E2CBC-918B-4E6D-80D7-75F1E4D4AAA0} = {9350BD73-A2F7-4CFA-9D1B-34DC7C4CC6F7}
		{239FA9E2-9458-46C5-A707-F9E98B4C32FD} = {9FEA6747-DA84-4BE7-8345-298EEF2A8925}
	EndGlobalSection
	GlobalSection(ExtensibilityGlobals) = postSolution
		SolutionGuid = {C6500213-6CF9-462C-B95D-DCF91FC64889}
	EndGlobalSection
EndGlobal
