Microsoft Visual Studio Solution File, Format Version 12.00
# Visual Studio Version 16
VisualStudioVersion = 16.0.29728.190
MinimumVisualStudioVersion = 10.0.40219.1
Project("{FAE04EC0-301F-11D3-BF4B-00C04F79EFBC}") = "CMSAppCustom", "CMSAppCustom\CMSAppCustom.csproj", "{4A5F9C85-D6A3-4D5D-A3C6-2F85D589E409}"
EndProject
Project("{FAE04EC0-301F-11D3-BF4B-00C04F79EFBC}") = "Launchpad.Infrastructure", "Launchpad.Infrastructure\Launchpad.Infrastructure.csproj", "{34C4D43E-08F5-42E2-85C6-DF4C2D834560}"
EndProject
Project("{FAE04EC0-301F-11D3-BF4B-00C04F79EFBC}") = "Launchpad.Core", "Launchpad.Core\Launchpad.Core.csproj", "{0263188B-1777-4DB0-8E22-D737ABCB9ACC}"
EndProject
Project("{FAE04EC0-301F-11D3-BF4B-00C04F79EFBC}") = "Launchpad.Infrastructure.Kentico.CMS", "Launchpad.Infrastructure.Kentico.CMS\Launchpad.Infrastructure.Kentico.CMS.csproj", "{C4C5C260-13D9-4DF6-A342-EE82318B4C5E}"
EndProject
Project("{FAE04EC0-301F-11D3-BF4B-00C04F79EFBC}") = "Launchpad.Infrastructure.Kentico.AzureStorage", "Launchpad.Infrastructure.Kentico.AzureStorage\Launchpad.Infrastructure.Kentico.AzureStorage.csproj", "{3B487A5B-41DB-4541-B192-57126D2E5991}"
EndProject
Project("{FAE04EC0-301F-11D3-BF4B-00C04F79EFBC}") = "Custom.Core", "Custom.Core\Custom.Core.csproj", "{06611500-EE5E-480F-A925-D3792E0473FF}"
EndProject
Project("{FAE04EC0-301F-11D3-BF4B-00C04F79EFBC}") = "Custom.Infrastructure", "Custom.Infrastructure\Custom.Infrastructure.csproj", "{C3B3ED54-E38B-4A9F-88AB-2C078321E097}"
EndProject
Project("{2150E333-8FDC-42A3-9474-1A3956D46DE8}") = "ConsoleApps", "ConsoleApps", "{526EEE51-B3A7-4B7B-A3D7-45D911B677E2}"
	ProjectSection(SolutionItems) = preProject
		ConsoleApps\README.md = ConsoleApps\README.md
	EndProjectSection
EndProject
Project("{FAE04EC0-301F-11D3-BF4B-00C04F79EFBC}") = "Launchpad.Infrastructure.Kentico.ImageOptimization", "Launchpad.Infrastructure.Kentico.ImageOptimization\Launchpad.Infrastructure.Kentico.ImageOptimization.csproj", "{F43E172E-36EC-4C77-B616-EC7EDF6CED46}"
EndProject
Project("{FAE04EC0-301F-11D3-BF4B-00C04F79EFBC}") = "Common.Migration.DocumentUrlPath", "ConsoleApps\Common\Common.Migration.DocumentUrlPath\Common.Migration.DocumentUrlPath.csproj", "{1FBA3A73-F126-4E4A-99F8-0F84CFBA0AD1}"
EndProject
Project("{2150E333-8FDC-42A3-9474-1A3956D46DE8}") = "Common", "Common", "{A652BF89-6F48-4F67-86B6-BD78D855987E}"
EndProject
Project("{FAE04EC0-301F-11D3-BF4B-00C04F79EFBC}") = "Common.Migration.Import.Redirects", "ConsoleApps\Common\Common.Migration.Import.Redirects\Common.Migration.Import.Redirects.csproj", "{099B698E-334E-47C8-8B86-3B39C1AF6F26}"
EndProject
Project("{FAE04EC0-301F-11D3-BF4B-00C04F79EFBC}") = "Common.Migration.Infrastructure", "ConsoleApps\Common\Common.Migration.Infrastructure\Common.Migration.Infrastructure.csproj", "{C84322DC-35E9-4159-8D06-C2FE5B352ED1}"
EndProject
Project("{FAE04EC0-301F-11D3-BF4B-00C04F79EFBC}") = "Common.Migration.MassAssignCategories", "ConsoleApps\Common\Common.Migration.MassAssignCategories\Common.Migration.MassAssignCategories.csproj", "{468429FD-3E75-4D47-83A2-D7357167C631}"
EndProject
Project("{FAE04EC0-301F-11D3-BF4B-00C04F79EFBC}") = "Common.Migration.MediaReferenceIdReplacement", "ConsoleApps\Common\Common.Migration.MediaReferenceIdReplacement\Common.Migration.MediaReferenceIdReplacement.csproj", "{5D896C13-DC00-4556-A631-B884A46E50AD}"
EndProject
Project("{FAE04EC0-301F-11D3-BF4B-00C04F79EFBC}") = "Common.Migration.MovePageNode", "ConsoleApps\Common\Common.Migration.MovePageNode\Common.Migration.MovePageNode.csproj", "{3189D3CE-CE05-4783-83B0-AE7EA52F123B}"
EndProject
Project("{2150E333-8FDC-42A3-9474-1A3956D46DE8}") = "Custom", "Custom", "{A3CC76B0-9EDF-40BD-AEA3-F8F477543766}"
EndProject
Project("{FAE04EC0-301F-11D3-BF4B-00C04F79EFBC}") = "Common.Migration.ReferenceReport", "ConsoleApps\Common\Common.Migration.ReferenceReport\Common.Migration.ReferenceReport.csproj", "{4E1AED6C-8285-4FF4-9C0F-0A9DDCE25F4A}"
EndProject
Project("{FAE04EC0-301F-11D3-BF4B-00C04F79EFBC}") = "Common.Migration.MigrateOldCategoryAssignments", "ConsoleApps\Common\Common.Migration.MigrateOldCategoryAssignments\Common.Migration.MigrateOldCategoryAssignments.csproj", "{13FCF4CC-18C8-47EC-A511-9C2D91CBDB70}"
EndProject
Project("{FAE04EC0-301F-11D3-BF4B-00C04F79EFBC}") = "Launchpad.Infrastructure.Kentico.DocumentCustomData", "Launchpad.Infrastructure.Kentico.DocumentCustomData\Launchpad.Infrastructure.Kentico.DocumentCustomData.csproj", "{CAADD847-E7BA-49E6-870E-2C6D69F0A00D}"
EndProject
Project("{2150E333-8FDC-42A3-9474-1A3956D46DE8}") = "Config", "Config", "{3536679F-42EB-4BA1-AAF8-876A28ACC104}"
EndProject
Project("{FAE04EC0-301F-11D3-BF4B-00C04F79EFBC}") = "Custom.Migration.Template", "ConsoleApps\Custom\Custom.Migration.Template\Custom.Migration.Template.csproj", "{B551B5E5-67EB-4F2C-B322-EEF5010D37CE}"
EndProject
Project("{FAE04EC0-301F-11D3-BF4B-00C04F79EFBC}") = "Config.Migration.Configurations", "ConsoleApps\Config\Config.Migration.Configurations\Config.Migration.Configurations.csproj", "{E3087492-D176-40BE-A423-0C76B0A27F59}"
EndProject
Project("{FAE04EC0-301F-11D3-BF4B-00C04F79EFBC}") = "Common.Migration.TreeNodeDelete", "ConsoleApps\Common\Common.Migration.TreeNodeDelete\Common.Migration.TreeNodeDelete.csproj", "{4C077E3D-79BE-44F5-BB98-8DCB95046734}"
EndProject
Project("{FAE04EC0-301F-11D3-BF4B-00C04F79EFBC}") = "Common.Migration.TreeNodeArchive", "ConsoleApps\Common\Common.Migration.TreeNodeArchive\Common.Migration.TreeNodeArchive.csproj", "{440DE345-5B66-410D-89C8-81BB2F17631A}"
EndProject
Project("{FAE04EC0-301F-11D3-BF4B-00C04F79EFBC}") = "Common.Migration.TreeNodePublish", "ConsoleApps\Common\Common.Migration.TreeNodePublish\Common.Migration.TreeNodePublish.csproj", "{1787DFB6-1A76-429E-BC5C-FDC6EC11C6A6}"
EndProject
Project("{FAE04EC0-301F-11D3-BF4B-00C04F79EFBC}") = "Common.Migration.TreeNodeCopy", "ConsoleApps\Common\Common.Migration.TreeNodeCopy\Common.Migration.TreeNodeCopy.csproj", "{7C8F4F24-E7A2-4FF6-AD96-F85AFFAFD615}"
EndProject
Project("{FAE04EC0-301F-11D3-BF4B-00C04F79EFBC}") = "Common.Migration.TreeNodeMove", "ConsoleApps\Common\Common.Migration.TreeNodeMove\Common.Migration.TreeNodeMove.csproj", "{9E269EC5-C0E0-4E48-84FA-4B7FDED1967F}"
EndProject
Project("{FAE04EC0-301F-11D3-BF4B-00C04F79EFBC}") = "Common.Migration.TreeNodeReorder", "ConsoleApps\Common\Common.Migration.TreeNodeReorder\Common.Migration.TreeNodeReorder.csproj", "{CA92D392-0712-454C-A8C1-F3EB1955C7A5}"
EndProject
Project("{FAE04EC0-301F-11D3-BF4B-00C04F79EFBC}") = "Common.Migration.TreeNodeSetProperty", "ConsoleApps\Common\Common.Migration.TreeNodeSetProperty\Common.Migration.TreeNodeSetProperty.csproj", "{342EB5E1-254B-4F99-A179-1F8CAFB44D70}"
EndProject
Project("{FAE04EC0-301F-11D3-BF4B-00C04F79EFBC}") = "Common.Migration.TreeNodeUpdateFromDatabase", "ConsoleApps\Common\Common.Migration.TreeNodeUpdateFromDatabase\Common.Migration.TreeNodeUpdateFromDatabase.csproj", "{CAB5BB33-0CDC-4B66-A2CA-A2DA1653CEE9}"
EndProject
Project("{FAE04EC0-301F-11D3-BF4B-00C04F79EFBC}") = "Common.Migration.UpdateAllWorkflowNodesFromDatabase", "ConsoleApps\Common\Common.Migration.UpdateAllWorkflowNodesFromDatabase\Common.Migration.UpdateAllWorkflowNodesFromDatabase.csproj", "{07C4C693-D119-4887-954C-22C86C54537B}"
EndProject
Project("{FAE04EC0-301F-11D3-BF4B-00C04F79EFBC}") = "Common.Migration.TreeNodeRename", "ConsoleApps\Common\Common.Migration.TreeNodeRename\Common.Migration.TreeNodeRename.csproj", "{1711B3F1-2DB3-4202-ADC0-924808DCAAB0}"
EndProject
Project("{FAE04EC0-301F-11D3-BF4B-00C04F79EFBC}") = "Common.Migration.TreeNodeSetPublishDate", "ConsoleApps\Common\Common.Migration.TreeNodeSetPublishDate\Common.Migration.TreeNodeSetPublishDate.csproj", "{5B2317DA-5FBE-4581-8AA7-5730B34FAFB2}"
EndProject
Project("{FAE04EC0-301F-11D3-BF4B-00C04F79EFBC}") = "Common.Migration.TreeNodeSetPageAlias", "ConsoleApps\Common\Common.Migration.TreeNodeSetPageAlias\Common.Migration.TreeNodeSetPageAlias.csproj", "{A7FFDEB8-1D00-45D7-8AE0-C01792ECB13A}"
EndProject
Project("{FAE04EC0-301F-11D3-BF4B-00C04F79EFBC}") = "Common.Migration.TreeNodeSync", "ConsoleApps\Common\Common.Migration.TreeNodeSync\Common.Migration.TreeNodeSync.csproj", "{CBE8D1D9-8C13-49C0-ADA2-400392437424}"
EndProject
Project("{FAE04EC0-301F-11D3-BF4B-00C04F79EFBC}") = "CMSApp", "CMS\CMSApp.csproj", "{BB8817AE-48DF-4672-A1CB-CFB7441B88DA}"
EndProject
Project("{FAE04EC0-301F-11D3-BF4B-00C04F79EFBC}") = "Common.Migration.MediaFileMove", "ConsoleApps\Common\Common.Migration.MediaFileMove\Common.Migration.MediaFileMove.csproj", "{00DBE57F-442E-4C12-8CBB-DC07DA89E8D1}"
EndProject
Project("{FAE04EC0-301F-11D3-BF4B-00C04F79EFBC}") = "Common.Migration.DocumentCustomData", "ConsoleApps\Common\Common.Migration.DocumentCustomData\Common.Migration.DocumentCustomData.csproj", "{159775FA-43A2-41B2-8B60-F1448ED94513}"
EndProject
Project("{FAE04EC0-301F-11D3-BF4B-00C04F79EFBC}") = "Common.Migration.UpdateAllTreeNodesNodeOrder", "ConsoleApps\Common\Common.Migration.UpdateAllTreeNodesNodeOrder\Common.Migration.UpdateAllTreeNodesNodeOrder.csproj", "{BFEB07BD-D386-4292-AE71-0EA78322AD56}"
EndProject
Project("{FAE04EC0-301F-11D3-BF4B-00C04F79EFBC}") = "Common.Migration.MediaFileMoveNotInDbButInBlob", "ConsoleApps\Common\Common.Migration.MediaFileMoveNotInDbButInBlob\Common.Migration.MediaFileMoveNotInDbButInBlob.csproj", "{B399B328-5D22-413B-B3E1-604D0D754D6D}"
EndProject
Project("{FAE04EC0-301F-11D3-BF4B-00C04F79EFBC}") = "Common.Migration.MediaFileRemoveFileExtensionFromFileName", "ConsoleApps\Common\Common.Migration.MediaFileRemoveFileExtensionFromFileName\Common.Migration.MediaFileRemoveFileExtensionFromFileName.csproj", "{B8D78469-401E-4998-B8BD-87EEC588ED4B}"
EndProject
Global
	GlobalSection(SolutionConfigurationPlatforms) = preSolution
		Debug|Any CPU = Debug|Any CPU
		DEV|Any CPU = DEV|Any CPU
		PROD|Any CPU = PROD|Any CPU
		QA|Any CPU = QA|Any CPU
		Release|Any CPU = Release|Any CPU
		STAGING|Any CPU = STAGING|Any CPU
		TEST|Any CPU = TEST|Any CPU
	EndGlobalSection
	GlobalSection(ProjectConfigurationPlatforms) = postSolution
		{4A5F9C85-D6A3-4D5D-A3C6-2F85D589E409}.Debug|Any CPU.ActiveCfg = Debug|Any CPU
		{4A5F9C85-D6A3-4D5D-A3C6-2F85D589E409}.Debug|Any CPU.Build.0 = Debug|Any CPU
		{4A5F9C85-D6A3-4D5D-A3C6-2F85D589E409}.DEV|Any CPU.ActiveCfg = DEV|Any CPU
		{4A5F9C85-D6A3-4D5D-A3C6-2F85D589E409}.DEV|Any CPU.Build.0 = DEV|Any CPU
		{4A5F9C85-D6A3-4D5D-A3C6-2F85D589E409}.PROD|Any CPU.ActiveCfg = PROD|Any CPU
		{4A5F9C85-D6A3-4D5D-A3C6-2F85D589E409}.PROD|Any CPU.Build.0 = PROD|Any CPU
		{4A5F9C85-D6A3-4D5D-A3C6-2F85D589E409}.QA|Any CPU.ActiveCfg = QA|Any CPU
		{4A5F9C85-D6A3-4D5D-A3C6-2F85D589E409}.QA|Any CPU.Build.0 = QA|Any CPU
		{4A5F9C85-D6A3-4D5D-A3C6-2F85D589E409}.Release|Any CPU.ActiveCfg = Release|Any CPU
		{4A5F9C85-D6A3-4D5D-A3C6-2F85D589E409}.Release|Any CPU.Build.0 = Release|Any CPU
		{4A5F9C85-D6A3-4D5D-A3C6-2F85D589E409}.STAGING|Any CPU.ActiveCfg = STAGING|Any CPU
		{4A5F9C85-D6A3-4D5D-A3C6-2F85D589E409}.STAGING|Any CPU.Build.0 = STAGING|Any CPU
		{4A5F9C85-D6A3-4D5D-A3C6-2F85D589E409}.TEST|Any CPU.ActiveCfg = TEST|Any CPU
		{4A5F9C85-D6A3-4D5D-A3C6-2F85D589E409}.TEST|Any CPU.Build.0 = TEST|Any CPU
		{34C4D43E-08F5-42E2-85C6-DF4C2D834560}.Debug|Any CPU.ActiveCfg = Debug|Any CPU
		{34C4D43E-08F5-42E2-85C6-DF4C2D834560}.Debug|Any CPU.Build.0 = Debug|Any CPU
		{34C4D43E-08F5-42E2-85C6-DF4C2D834560}.DEV|Any CPU.ActiveCfg = DEV|Any CPU
		{34C4D43E-08F5-42E2-85C6-DF4C2D834560}.DEV|Any CPU.Build.0 = DEV|Any CPU
		{34C4D43E-08F5-42E2-85C6-DF4C2D834560}.PROD|Any CPU.ActiveCfg = PROD|Any CPU
		{34C4D43E-08F5-42E2-85C6-DF4C2D834560}.PROD|Any CPU.Build.0 = PROD|Any CPU
		{34C4D43E-08F5-42E2-85C6-DF4C2D834560}.QA|Any CPU.ActiveCfg = QA|Any CPU
		{34C4D43E-08F5-42E2-85C6-DF4C2D834560}.QA|Any CPU.Build.0 = QA|Any CPU
		{34C4D43E-08F5-42E2-85C6-DF4C2D834560}.Release|Any CPU.ActiveCfg = Release|Any CPU
		{34C4D43E-08F5-42E2-85C6-DF4C2D834560}.Release|Any CPU.Build.0 = Release|Any CPU
		{34C4D43E-08F5-42E2-85C6-DF4C2D834560}.STAGING|Any CPU.ActiveCfg = STAGING|Any CPU
		{34C4D43E-08F5-42E2-85C6-DF4C2D834560}.STAGING|Any CPU.Build.0 = STAGING|Any CPU
		{34C4D43E-08F5-42E2-85C6-DF4C2D834560}.TEST|Any CPU.ActiveCfg = TEST|Any CPU
		{34C4D43E-08F5-42E2-85C6-DF4C2D834560}.TEST|Any CPU.Build.0 = TEST|Any CPU
		{0263188B-1777-4DB0-8E22-D737ABCB9ACC}.Debug|Any CPU.ActiveCfg = Debug|Any CPU
		{0263188B-1777-4DB0-8E22-D737ABCB9ACC}.Debug|Any CPU.Build.0 = Debug|Any CPU
		{0263188B-1777-4DB0-8E22-D737ABCB9ACC}.DEV|Any CPU.ActiveCfg = DEV|Any CPU
		{0263188B-1777-4DB0-8E22-D737ABCB9ACC}.DEV|Any CPU.Build.0 = DEV|Any CPU
		{0263188B-1777-4DB0-8E22-D737ABCB9ACC}.PROD|Any CPU.ActiveCfg = PROD|Any CPU
		{0263188B-1777-4DB0-8E22-D737ABCB9ACC}.PROD|Any CPU.Build.0 = PROD|Any CPU
		{0263188B-1777-4DB0-8E22-D737ABCB9ACC}.QA|Any CPU.ActiveCfg = QA|Any CPU
		{0263188B-1777-4DB0-8E22-D737ABCB9ACC}.QA|Any CPU.Build.0 = QA|Any CPU
		{0263188B-1777-4DB0-8E22-D737ABCB9ACC}.Release|Any CPU.ActiveCfg = Release|Any CPU
		{0263188B-1777-4DB0-8E22-D737ABCB9ACC}.Release|Any CPU.Build.0 = Release|Any CPU
		{0263188B-1777-4DB0-8E22-D737ABCB9ACC}.STAGING|Any CPU.ActiveCfg = STAGING|Any CPU
		{0263188B-1777-4DB0-8E22-D737ABCB9ACC}.STAGING|Any CPU.Build.0 = STAGING|Any CPU
		{0263188B-1777-4DB0-8E22-D737ABCB9ACC}.TEST|Any CPU.ActiveCfg = TEST|Any CPU
		{0263188B-1777-4DB0-8E22-D737ABCB9ACC}.TEST|Any CPU.Build.0 = TEST|Any CPU
		{C4C5C260-13D9-4DF6-A342-EE82318B4C5E}.Debug|Any CPU.ActiveCfg = Debug|Any CPU
		{C4C5C260-13D9-4DF6-A342-EE82318B4C5E}.Debug|Any CPU.Build.0 = Debug|Any CPU
		{C4C5C260-13D9-4DF6-A342-EE82318B4C5E}.DEV|Any CPU.ActiveCfg = DEV|Any CPU
		{C4C5C260-13D9-4DF6-A342-EE82318B4C5E}.DEV|Any CPU.Build.0 = DEV|Any CPU
		{C4C5C260-13D9-4DF6-A342-EE82318B4C5E}.PROD|Any CPU.ActiveCfg = PROD|Any CPU
		{C4C5C260-13D9-4DF6-A342-EE82318B4C5E}.PROD|Any CPU.Build.0 = PROD|Any CPU
		{C4C5C260-13D9-4DF6-A342-EE82318B4C5E}.QA|Any CPU.ActiveCfg = QA|Any CPU
		{C4C5C260-13D9-4DF6-A342-EE82318B4C5E}.QA|Any CPU.Build.0 = QA|Any CPU
		{C4C5C260-13D9-4DF6-A342-EE82318B4C5E}.Release|Any CPU.ActiveCfg = Release|Any CPU
		{C4C5C260-13D9-4DF6-A342-EE82318B4C5E}.Release|Any CPU.Build.0 = Release|Any CPU
		{C4C5C260-13D9-4DF6-A342-EE82318B4C5E}.STAGING|Any CPU.ActiveCfg = STAGING|Any CPU
		{C4C5C260-13D9-4DF6-A342-EE82318B4C5E}.STAGING|Any CPU.Build.0 = STAGING|Any CPU
		{C4C5C260-13D9-4DF6-A342-EE82318B4C5E}.TEST|Any CPU.ActiveCfg = TEST|Any CPU
		{C4C5C260-13D9-4DF6-A342-EE82318B4C5E}.TEST|Any CPU.Build.0 = TEST|Any CPU
		{3B487A5B-41DB-4541-B192-57126D2E5991}.Debug|Any CPU.ActiveCfg = Debug|Any CPU
		{3B487A5B-41DB-4541-B192-57126D2E5991}.Debug|Any CPU.Build.0 = Debug|Any CPU
		{3B487A5B-41DB-4541-B192-57126D2E5991}.DEV|Any CPU.ActiveCfg = Debug|Any CPU
		{3B487A5B-41DB-4541-B192-57126D2E5991}.DEV|Any CPU.Build.0 = Debug|Any CPU
		{3B487A5B-41DB-4541-B192-57126D2E5991}.PROD|Any CPU.ActiveCfg = Release|Any CPU
		{3B487A5B-41DB-4541-B192-57126D2E5991}.PROD|Any CPU.Build.0 = Release|Any CPU
		{3B487A5B-41DB-4541-B192-57126D2E5991}.QA|Any CPU.ActiveCfg = Release|Any CPU
		{3B487A5B-41DB-4541-B192-57126D2E5991}.QA|Any CPU.Build.0 = Release|Any CPU
		{3B487A5B-41DB-4541-B192-57126D2E5991}.Release|Any CPU.ActiveCfg = Release|Any CPU
		{3B487A5B-41DB-4541-B192-57126D2E5991}.Release|Any CPU.Build.0 = Release|Any CPU
		{3B487A5B-41DB-4541-B192-57126D2E5991}.STAGING|Any CPU.ActiveCfg = Release|Any CPU
		{3B487A5B-41DB-4541-B192-57126D2E5991}.STAGING|Any CPU.Build.0 = Release|Any CPU
		{3B487A5B-41DB-4541-B192-57126D2E5991}.TEST|Any CPU.ActiveCfg = TEST|Any CPU
		{3B487A5B-41DB-4541-B192-57126D2E5991}.TEST|Any CPU.Build.0 = TEST|Any CPU
		{06611500-EE5E-480F-A925-D3792E0473FF}.Debug|Any CPU.ActiveCfg = Debug|Any CPU
		{06611500-EE5E-480F-A925-D3792E0473FF}.Debug|Any CPU.Build.0 = Debug|Any CPU
		{06611500-EE5E-480F-A925-D3792E0473FF}.DEV|Any CPU.ActiveCfg = Debug|Any CPU
		{06611500-EE5E-480F-A925-D3792E0473FF}.DEV|Any CPU.Build.0 = Debug|Any CPU
		{06611500-EE5E-480F-A925-D3792E0473FF}.PROD|Any CPU.ActiveCfg = Release|Any CPU
		{06611500-EE5E-480F-A925-D3792E0473FF}.PROD|Any CPU.Build.0 = Release|Any CPU
		{06611500-EE5E-480F-A925-D3792E0473FF}.QA|Any CPU.ActiveCfg = Release|Any CPU
		{06611500-EE5E-480F-A925-D3792E0473FF}.QA|Any CPU.Build.0 = Release|Any CPU
		{06611500-EE5E-480F-A925-D3792E0473FF}.Release|Any CPU.ActiveCfg = Release|Any CPU
		{06611500-EE5E-480F-A925-D3792E0473FF}.Release|Any CPU.Build.0 = Release|Any CPU
		{06611500-EE5E-480F-A925-D3792E0473FF}.STAGING|Any CPU.ActiveCfg = Release|Any CPU
		{06611500-EE5E-480F-A925-D3792E0473FF}.STAGING|Any CPU.Build.0 = Release|Any CPU
		{06611500-EE5E-480F-A925-D3792E0473FF}.TEST|Any CPU.ActiveCfg = TEST|Any CPU
		{06611500-EE5E-480F-A925-D3792E0473FF}.TEST|Any CPU.Build.0 = TEST|Any CPU
		{C3B3ED54-E38B-4A9F-88AB-2C078321E097}.Debug|Any CPU.ActiveCfg = Debug|Any CPU
		{C3B3ED54-E38B-4A9F-88AB-2C078321E097}.Debug|Any CPU.Build.0 = Debug|Any CPU
		{C3B3ED54-E38B-4A9F-88AB-2C078321E097}.DEV|Any CPU.ActiveCfg = Debug|Any CPU
		{C3B3ED54-E38B-4A9F-88AB-2C078321E097}.DEV|Any CPU.Build.0 = Debug|Any CPU
		{C3B3ED54-E38B-4A9F-88AB-2C078321E097}.PROD|Any CPU.ActiveCfg = Release|Any CPU
		{C3B3ED54-E38B-4A9F-88AB-2C078321E097}.PROD|Any CPU.Build.0 = Release|Any CPU
		{C3B3ED54-E38B-4A9F-88AB-2C078321E097}.QA|Any CPU.ActiveCfg = Release|Any CPU
		{C3B3ED54-E38B-4A9F-88AB-2C078321E097}.QA|Any CPU.Build.0 = Release|Any CPU
		{C3B3ED54-E38B-4A9F-88AB-2C078321E097}.Release|Any CPU.ActiveCfg = Release|Any CPU
		{C3B3ED54-E38B-4A9F-88AB-2C078321E097}.Release|Any CPU.Build.0 = Release|Any CPU
		{C3B3ED54-E38B-4A9F-88AB-2C078321E097}.STAGING|Any CPU.ActiveCfg = Release|Any CPU
		{C3B3ED54-E38B-4A9F-88AB-2C078321E097}.STAGING|Any CPU.Build.0 = Release|Any CPU
		{C3B3ED54-E38B-4A9F-88AB-2C078321E097}.TEST|Any CPU.ActiveCfg = TEST|Any CPU
		{C3B3ED54-E38B-4A9F-88AB-2C078321E097}.TEST|Any CPU.Build.0 = TEST|Any CPU
		{F43E172E-36EC-4C77-B616-EC7EDF6CED46}.Debug|Any CPU.ActiveCfg = Debug|Any CPU
		{F43E172E-36EC-4C77-B616-EC7EDF6CED46}.Debug|Any CPU.Build.0 = Debug|Any CPU
		{F43E172E-36EC-4C77-B616-EC7EDF6CED46}.DEV|Any CPU.ActiveCfg = Debug|Any CPU
		{F43E172E-36EC-4C77-B616-EC7EDF6CED46}.DEV|Any CPU.Build.0 = Debug|Any CPU
		{F43E172E-36EC-4C77-B616-EC7EDF6CED46}.PROD|Any CPU.ActiveCfg = Release|Any CPU
		{F43E172E-36EC-4C77-B616-EC7EDF6CED46}.PROD|Any CPU.Build.0 = Release|Any CPU
		{F43E172E-36EC-4C77-B616-EC7EDF6CED46}.QA|Any CPU.ActiveCfg = Release|Any CPU
		{F43E172E-36EC-4C77-B616-EC7EDF6CED46}.QA|Any CPU.Build.0 = Release|Any CPU
		{F43E172E-36EC-4C77-B616-EC7EDF6CED46}.Release|Any CPU.ActiveCfg = Release|Any CPU
		{F43E172E-36EC-4C77-B616-EC7EDF6CED46}.Release|Any CPU.Build.0 = Release|Any CPU
		{F43E172E-36EC-4C77-B616-EC7EDF6CED46}.STAGING|Any CPU.ActiveCfg = Release|Any CPU
		{F43E172E-36EC-4C77-B616-EC7EDF6CED46}.STAGING|Any CPU.Build.0 = Release|Any CPU
		{F43E172E-36EC-4C77-B616-EC7EDF6CED46}.TEST|Any CPU.ActiveCfg = TEST|Any CPU
		{F43E172E-36EC-4C77-B616-EC7EDF6CED46}.TEST|Any CPU.Build.0 = TEST|Any CPU
		{1FBA3A73-F126-4E4A-99F8-0F84CFBA0AD1}.Debug|Any CPU.ActiveCfg = Debug|Any CPU
		{1FBA3A73-F126-4E4A-99F8-0F84CFBA0AD1}.Debug|Any CPU.Build.0 = Debug|Any CPU
		{1FBA3A73-F126-4E4A-99F8-0F84CFBA0AD1}.DEV|Any CPU.ActiveCfg = Debug|Any CPU
		{1FBA3A73-F126-4E4A-99F8-0F84CFBA0AD1}.DEV|Any CPU.Build.0 = Debug|Any CPU
		{1FBA3A73-F126-4E4A-99F8-0F84CFBA0AD1}.PROD|Any CPU.ActiveCfg = Release|Any CPU
		{1FBA3A73-F126-4E4A-99F8-0F84CFBA0AD1}.PROD|Any CPU.Build.0 = Release|Any CPU
		{1FBA3A73-F126-4E4A-99F8-0F84CFBA0AD1}.QA|Any CPU.ActiveCfg = Release|Any CPU
		{1FBA3A73-F126-4E4A-99F8-0F84CFBA0AD1}.QA|Any CPU.Build.0 = Release|Any CPU
		{1FBA3A73-F126-4E4A-99F8-0F84CFBA0AD1}.Release|Any CPU.ActiveCfg = Release|Any CPU
		{1FBA3A73-F126-4E4A-99F8-0F84CFBA0AD1}.Release|Any CPU.Build.0 = Release|Any CPU
		{1FBA3A73-F126-4E4A-99F8-0F84CFBA0AD1}.STAGING|Any CPU.ActiveCfg = Release|Any CPU
		{1FBA3A73-F126-4E4A-99F8-0F84CFBA0AD1}.STAGING|Any CPU.Build.0 = Release|Any CPU
		{1FBA3A73-F126-4E4A-99F8-0F84CFBA0AD1}.TEST|Any CPU.ActiveCfg = TEST|Any CPU
		{1FBA3A73-F126-4E4A-99F8-0F84CFBA0AD1}.TEST|Any CPU.Build.0 = TEST|Any CPU
		{099B698E-334E-47C8-8B86-3B39C1AF6F26}.Debug|Any CPU.ActiveCfg = Debug|Any CPU
		{099B698E-334E-47C8-8B86-3B39C1AF6F26}.Debug|Any CPU.Build.0 = Debug|Any CPU
		{099B698E-334E-47C8-8B86-3B39C1AF6F26}.DEV|Any CPU.ActiveCfg = Debug|Any CPU
		{099B698E-334E-47C8-8B86-3B39C1AF6F26}.DEV|Any CPU.Build.0 = Debug|Any CPU
		{099B698E-334E-47C8-8B86-3B39C1AF6F26}.PROD|Any CPU.ActiveCfg = Release|Any CPU
		{099B698E-334E-47C8-8B86-3B39C1AF6F26}.PROD|Any CPU.Build.0 = Release|Any CPU
		{099B698E-334E-47C8-8B86-3B39C1AF6F26}.QA|Any CPU.ActiveCfg = Release|Any CPU
		{099B698E-334E-47C8-8B86-3B39C1AF6F26}.QA|Any CPU.Build.0 = Release|Any CPU
		{099B698E-334E-47C8-8B86-3B39C1AF6F26}.Release|Any CPU.ActiveCfg = Release|Any CPU
		{099B698E-334E-47C8-8B86-3B39C1AF6F26}.Release|Any CPU.Build.0 = Release|Any CPU
		{099B698E-334E-47C8-8B86-3B39C1AF6F26}.STAGING|Any CPU.ActiveCfg = Release|Any CPU
		{099B698E-334E-47C8-8B86-3B39C1AF6F26}.STAGING|Any CPU.Build.0 = Release|Any CPU
		{099B698E-334E-47C8-8B86-3B39C1AF6F26}.TEST|Any CPU.ActiveCfg = TEST|Any CPU
		{099B698E-334E-47C8-8B86-3B39C1AF6F26}.TEST|Any CPU.Build.0 = TEST|Any CPU
		{C84322DC-35E9-4159-8D06-C2FE5B352ED1}.Debug|Any CPU.ActiveCfg = Debug|Any CPU
		{C84322DC-35E9-4159-8D06-C2FE5B352ED1}.Debug|Any CPU.Build.0 = Debug|Any CPU
		{C84322DC-35E9-4159-8D06-C2FE5B352ED1}.DEV|Any CPU.ActiveCfg = Debug|Any CPU
		{C84322DC-35E9-4159-8D06-C2FE5B352ED1}.DEV|Any CPU.Build.0 = Debug|Any CPU
		{C84322DC-35E9-4159-8D06-C2FE5B352ED1}.PROD|Any CPU.ActiveCfg = Release|Any CPU
		{C84322DC-35E9-4159-8D06-C2FE5B352ED1}.PROD|Any CPU.Build.0 = Release|Any CPU
		{C84322DC-35E9-4159-8D06-C2FE5B352ED1}.QA|Any CPU.ActiveCfg = Release|Any CPU
		{C84322DC-35E9-4159-8D06-C2FE5B352ED1}.QA|Any CPU.Build.0 = Release|Any CPU
		{C84322DC-35E9-4159-8D06-C2FE5B352ED1}.Release|Any CPU.ActiveCfg = Release|Any CPU
		{C84322DC-35E9-4159-8D06-C2FE5B352ED1}.Release|Any CPU.Build.0 = Release|Any CPU
		{C84322DC-35E9-4159-8D06-C2FE5B352ED1}.STAGING|Any CPU.ActiveCfg = Release|Any CPU
		{C84322DC-35E9-4159-8D06-C2FE5B352ED1}.STAGING|Any CPU.Build.0 = Release|Any CPU
		{C84322DC-35E9-4159-8D06-C2FE5B352ED1}.TEST|Any CPU.ActiveCfg = TEST|Any CPU
		{C84322DC-35E9-4159-8D06-C2FE5B352ED1}.TEST|Any CPU.Build.0 = TEST|Any CPU
		{468429FD-3E75-4D47-83A2-D7357167C631}.Debug|Any CPU.ActiveCfg = Debug|Any CPU
		{468429FD-3E75-4D47-83A2-D7357167C631}.Debug|Any CPU.Build.0 = Debug|Any CPU
		{468429FD-3E75-4D47-83A2-D7357167C631}.DEV|Any CPU.ActiveCfg = Debug|Any CPU
		{468429FD-3E75-4D47-83A2-D7357167C631}.DEV|Any CPU.Build.0 = Debug|Any CPU
		{468429FD-3E75-4D47-83A2-D7357167C631}.PROD|Any CPU.ActiveCfg = Release|Any CPU
		{468429FD-3E75-4D47-83A2-D7357167C631}.PROD|Any CPU.Build.0 = Release|Any CPU
		{468429FD-3E75-4D47-83A2-D7357167C631}.QA|Any CPU.ActiveCfg = Release|Any CPU
		{468429FD-3E75-4D47-83A2-D7357167C631}.QA|Any CPU.Build.0 = Release|Any CPU
		{468429FD-3E75-4D47-83A2-D7357167C631}.Release|Any CPU.ActiveCfg = Release|Any CPU
		{468429FD-3E75-4D47-83A2-D7357167C631}.Release|Any CPU.Build.0 = Release|Any CPU
		{468429FD-3E75-4D47-83A2-D7357167C631}.STAGING|Any CPU.ActiveCfg = Release|Any CPU
		{468429FD-3E75-4D47-83A2-D7357167C631}.STAGING|Any CPU.Build.0 = Release|Any CPU
		{468429FD-3E75-4D47-83A2-D7357167C631}.TEST|Any CPU.ActiveCfg = TEST|Any CPU
		{468429FD-3E75-4D47-83A2-D7357167C631}.TEST|Any CPU.Build.0 = TEST|Any CPU
		{5D896C13-DC00-4556-A631-B884A46E50AD}.Debug|Any CPU.ActiveCfg = Debug|Any CPU
		{5D896C13-DC00-4556-A631-B884A46E50AD}.Debug|Any CPU.Build.0 = Debug|Any CPU
		{5D896C13-DC00-4556-A631-B884A46E50AD}.DEV|Any CPU.ActiveCfg = Debug|Any CPU
		{5D896C13-DC00-4556-A631-B884A46E50AD}.DEV|Any CPU.Build.0 = Debug|Any CPU
		{5D896C13-DC00-4556-A631-B884A46E50AD}.PROD|Any CPU.ActiveCfg = Release|Any CPU
		{5D896C13-DC00-4556-A631-B884A46E50AD}.PROD|Any CPU.Build.0 = Release|Any CPU
		{5D896C13-DC00-4556-A631-B884A46E50AD}.QA|Any CPU.ActiveCfg = Release|Any CPU
		{5D896C13-DC00-4556-A631-B884A46E50AD}.QA|Any CPU.Build.0 = Release|Any CPU
		{5D896C13-DC00-4556-A631-B884A46E50AD}.Release|Any CPU.ActiveCfg = Release|Any CPU
		{5D896C13-DC00-4556-A631-B884A46E50AD}.Release|Any CPU.Build.0 = Release|Any CPU
		{5D896C13-DC00-4556-A631-B884A46E50AD}.STAGING|Any CPU.ActiveCfg = Release|Any CPU
		{5D896C13-DC00-4556-A631-B884A46E50AD}.STAGING|Any CPU.Build.0 = Release|Any CPU
		{5D896C13-DC00-4556-A631-B884A46E50AD}.TEST|Any CPU.ActiveCfg = TEST|Any CPU
		{5D896C13-DC00-4556-A631-B884A46E50AD}.TEST|Any CPU.Build.0 = TEST|Any CPU
		{3189D3CE-CE05-4783-83B0-AE7EA52F123B}.Debug|Any CPU.ActiveCfg = Debug|Any CPU
		{3189D3CE-CE05-4783-83B0-AE7EA52F123B}.Debug|Any CPU.Build.0 = Debug|Any CPU
		{3189D3CE-CE05-4783-83B0-AE7EA52F123B}.DEV|Any CPU.ActiveCfg = Debug|Any CPU
		{3189D3CE-CE05-4783-83B0-AE7EA52F123B}.DEV|Any CPU.Build.0 = Debug|Any CPU
		{3189D3CE-CE05-4783-83B0-AE7EA52F123B}.PROD|Any CPU.ActiveCfg = Release|Any CPU
		{3189D3CE-CE05-4783-83B0-AE7EA52F123B}.PROD|Any CPU.Build.0 = Release|Any CPU
		{3189D3CE-CE05-4783-83B0-AE7EA52F123B}.QA|Any CPU.ActiveCfg = Release|Any CPU
		{3189D3CE-CE05-4783-83B0-AE7EA52F123B}.QA|Any CPU.Build.0 = Release|Any CPU
		{3189D3CE-CE05-4783-83B0-AE7EA52F123B}.Release|Any CPU.ActiveCfg = Release|Any CPU
		{3189D3CE-CE05-4783-83B0-AE7EA52F123B}.Release|Any CPU.Build.0 = Release|Any CPU
		{3189D3CE-CE05-4783-83B0-AE7EA52F123B}.STAGING|Any CPU.ActiveCfg = Release|Any CPU
		{3189D3CE-CE05-4783-83B0-AE7EA52F123B}.STAGING|Any CPU.Build.0 = Release|Any CPU
		{3189D3CE-CE05-4783-83B0-AE7EA52F123B}.TEST|Any CPU.ActiveCfg = TEST|Any CPU
		{3189D3CE-CE05-4783-83B0-AE7EA52F123B}.TEST|Any CPU.Build.0 = TEST|Any CPU
		{4E1AED6C-8285-4FF4-9C0F-0A9DDCE25F4A}.Debug|Any CPU.ActiveCfg = Debug|Any CPU
		{4E1AED6C-8285-4FF4-9C0F-0A9DDCE25F4A}.Debug|Any CPU.Build.0 = Debug|Any CPU
		{4E1AED6C-8285-4FF4-9C0F-0A9DDCE25F4A}.DEV|Any CPU.ActiveCfg = Debug|Any CPU
		{4E1AED6C-8285-4FF4-9C0F-0A9DDCE25F4A}.DEV|Any CPU.Build.0 = Debug|Any CPU
		{4E1AED6C-8285-4FF4-9C0F-0A9DDCE25F4A}.PROD|Any CPU.ActiveCfg = Release|Any CPU
		{4E1AED6C-8285-4FF4-9C0F-0A9DDCE25F4A}.PROD|Any CPU.Build.0 = Release|Any CPU
		{4E1AED6C-8285-4FF4-9C0F-0A9DDCE25F4A}.QA|Any CPU.ActiveCfg = Release|Any CPU
		{4E1AED6C-8285-4FF4-9C0F-0A9DDCE25F4A}.QA|Any CPU.Build.0 = Release|Any CPU
		{4E1AED6C-8285-4FF4-9C0F-0A9DDCE25F4A}.Release|Any CPU.ActiveCfg = Release|Any CPU
		{4E1AED6C-8285-4FF4-9C0F-0A9DDCE25F4A}.Release|Any CPU.Build.0 = Release|Any CPU
		{4E1AED6C-8285-4FF4-9C0F-0A9DDCE25F4A}.STAGING|Any CPU.ActiveCfg = Release|Any CPU
		{4E1AED6C-8285-4FF4-9C0F-0A9DDCE25F4A}.STAGING|Any CPU.Build.0 = Release|Any CPU
		{4E1AED6C-8285-4FF4-9C0F-0A9DDCE25F4A}.TEST|Any CPU.ActiveCfg = TEST|Any CPU
		{4E1AED6C-8285-4FF4-9C0F-0A9DDCE25F4A}.TEST|Any CPU.Build.0 = TEST|Any CPU
		{13FCF4CC-18C8-47EC-A511-9C2D91CBDB70}.Debug|Any CPU.ActiveCfg = Debug|Any CPU
		{13FCF4CC-18C8-47EC-A511-9C2D91CBDB70}.Debug|Any CPU.Build.0 = Debug|Any CPU
		{13FCF4CC-18C8-47EC-A511-9C2D91CBDB70}.DEV|Any CPU.ActiveCfg = Debug|Any CPU
		{13FCF4CC-18C8-47EC-A511-9C2D91CBDB70}.DEV|Any CPU.Build.0 = Debug|Any CPU
		{13FCF4CC-18C8-47EC-A511-9C2D91CBDB70}.PROD|Any CPU.ActiveCfg = Release|Any CPU
		{13FCF4CC-18C8-47EC-A511-9C2D91CBDB70}.PROD|Any CPU.Build.0 = Release|Any CPU
		{13FCF4CC-18C8-47EC-A511-9C2D91CBDB70}.QA|Any CPU.ActiveCfg = Release|Any CPU
		{13FCF4CC-18C8-47EC-A511-9C2D91CBDB70}.QA|Any CPU.Build.0 = Release|Any CPU
		{13FCF4CC-18C8-47EC-A511-9C2D91CBDB70}.Release|Any CPU.ActiveCfg = Release|Any CPU
		{13FCF4CC-18C8-47EC-A511-9C2D91CBDB70}.Release|Any CPU.Build.0 = Release|Any CPU
		{13FCF4CC-18C8-47EC-A511-9C2D91CBDB70}.STAGING|Any CPU.ActiveCfg = Release|Any CPU
		{13FCF4CC-18C8-47EC-A511-9C2D91CBDB70}.STAGING|Any CPU.Build.0 = Release|Any CPU
		{13FCF4CC-18C8-47EC-A511-9C2D91CBDB70}.TEST|Any CPU.ActiveCfg = Release|Any CPU
		{13FCF4CC-18C8-47EC-A511-9C2D91CBDB70}.TEST|Any CPU.Build.0 = Release|Any CPU
		{CAADD847-E7BA-49E6-870E-2C6D69F0A00D}.Debug|Any CPU.ActiveCfg = Debug|Any CPU
		{CAADD847-E7BA-49E6-870E-2C6D69F0A00D}.Debug|Any CPU.Build.0 = Debug|Any CPU
		{CAADD847-E7BA-49E6-870E-2C6D69F0A00D}.DEV|Any CPU.ActiveCfg = Debug|Any CPU
		{CAADD847-E7BA-49E6-870E-2C6D69F0A00D}.DEV|Any CPU.Build.0 = Debug|Any CPU
		{CAADD847-E7BA-49E6-870E-2C6D69F0A00D}.PROD|Any CPU.ActiveCfg = Release|Any CPU
		{CAADD847-E7BA-49E6-870E-2C6D69F0A00D}.PROD|Any CPU.Build.0 = Release|Any CPU
		{CAADD847-E7BA-49E6-870E-2C6D69F0A00D}.QA|Any CPU.ActiveCfg = Release|Any CPU
		{CAADD847-E7BA-49E6-870E-2C6D69F0A00D}.QA|Any CPU.Build.0 = Release|Any CPU
		{CAADD847-E7BA-49E6-870E-2C6D69F0A00D}.Release|Any CPU.ActiveCfg = Release|Any CPU
		{CAADD847-E7BA-49E6-870E-2C6D69F0A00D}.Release|Any CPU.Build.0 = Release|Any CPU
		{CAADD847-E7BA-49E6-870E-2C6D69F0A00D}.STAGING|Any CPU.ActiveCfg = Release|Any CPU
		{CAADD847-E7BA-49E6-870E-2C6D69F0A00D}.STAGING|Any CPU.Build.0 = Release|Any CPU
		{CAADD847-E7BA-49E6-870E-2C6D69F0A00D}.TEST|Any CPU.ActiveCfg = Release|Any CPU
		{CAADD847-E7BA-49E6-870E-2C6D69F0A00D}.TEST|Any CPU.Build.0 = Release|Any CPU
		{B551B5E5-67EB-4F2C-B322-EEF5010D37CE}.Debug|Any CPU.ActiveCfg = Debug|Any CPU
		{B551B5E5-67EB-4F2C-B322-EEF5010D37CE}.Debug|Any CPU.Build.0 = Debug|Any CPU
		{B551B5E5-67EB-4F2C-B322-EEF5010D37CE}.DEV|Any CPU.ActiveCfg = Debug|Any CPU
		{B551B5E5-67EB-4F2C-B322-EEF5010D37CE}.DEV|Any CPU.Build.0 = Debug|Any CPU
		{B551B5E5-67EB-4F2C-B322-EEF5010D37CE}.PROD|Any CPU.ActiveCfg = Release|Any CPU
		{B551B5E5-67EB-4F2C-B322-EEF5010D37CE}.PROD|Any CPU.Build.0 = Release|Any CPU
		{B551B5E5-67EB-4F2C-B322-EEF5010D37CE}.QA|Any CPU.ActiveCfg = Release|Any CPU
		{B551B5E5-67EB-4F2C-B322-EEF5010D37CE}.QA|Any CPU.Build.0 = Release|Any CPU
		{B551B5E5-67EB-4F2C-B322-EEF5010D37CE}.Release|Any CPU.ActiveCfg = Release|Any CPU
		{B551B5E5-67EB-4F2C-B322-EEF5010D37CE}.Release|Any CPU.Build.0 = Release|Any CPU
		{B551B5E5-67EB-4F2C-B322-EEF5010D37CE}.STAGING|Any CPU.ActiveCfg = Release|Any CPU
		{B551B5E5-67EB-4F2C-B322-EEF5010D37CE}.STAGING|Any CPU.Build.0 = Release|Any CPU
		{B551B5E5-67EB-4F2C-B322-EEF5010D37CE}.TEST|Any CPU.ActiveCfg = Release|Any CPU
		{B551B5E5-67EB-4F2C-B322-EEF5010D37CE}.TEST|Any CPU.Build.0 = Release|Any CPU
		{E3087492-D176-40BE-A423-0C76B0A27F59}.Debug|Any CPU.ActiveCfg = Debug|Any CPU
		{E3087492-D176-40BE-A423-0C76B0A27F59}.Debug|Any CPU.Build.0 = Debug|Any CPU
		{E3087492-D176-40BE-A423-0C76B0A27F59}.DEV|Any CPU.ActiveCfg = Debug|Any CPU
		{E3087492-D176-40BE-A423-0C76B0A27F59}.DEV|Any CPU.Build.0 = Debug|Any CPU
		{E3087492-D176-40BE-A423-0C76B0A27F59}.PROD|Any CPU.ActiveCfg = Release|Any CPU
		{E3087492-D176-40BE-A423-0C76B0A27F59}.PROD|Any CPU.Build.0 = Release|Any CPU
		{E3087492-D176-40BE-A423-0C76B0A27F59}.QA|Any CPU.ActiveCfg = Release|Any CPU
		{E3087492-D176-40BE-A423-0C76B0A27F59}.QA|Any CPU.Build.0 = Release|Any CPU
		{E3087492-D176-40BE-A423-0C76B0A27F59}.Release|Any CPU.ActiveCfg = Release|Any CPU
		{E3087492-D176-40BE-A423-0C76B0A27F59}.Release|Any CPU.Build.0 = Release|Any CPU
		{E3087492-D176-40BE-A423-0C76B0A27F59}.STAGING|Any CPU.ActiveCfg = Release|Any CPU
		{E3087492-D176-40BE-A423-0C76B0A27F59}.STAGING|Any CPU.Build.0 = Release|Any CPU
		{E3087492-D176-40BE-A423-0C76B0A27F59}.TEST|Any CPU.ActiveCfg = Release|Any CPU
		{E3087492-D176-40BE-A423-0C76B0A27F59}.TEST|Any CPU.Build.0 = Release|Any CPU
		{4C077E3D-79BE-44F5-BB98-8DCB95046734}.Debug|Any CPU.ActiveCfg = Debug|Any CPU
		{4C077E3D-79BE-44F5-BB98-8DCB95046734}.Debug|Any CPU.Build.0 = Debug|Any CPU
		{4C077E3D-79BE-44F5-BB98-8DCB95046734}.DEV|Any CPU.ActiveCfg = Debug|Any CPU
		{4C077E3D-79BE-44F5-BB98-8DCB95046734}.DEV|Any CPU.Build.0 = Debug|Any CPU
		{4C077E3D-79BE-44F5-BB98-8DCB95046734}.PROD|Any CPU.ActiveCfg = Release|Any CPU
		{4C077E3D-79BE-44F5-BB98-8DCB95046734}.PROD|Any CPU.Build.0 = Release|Any CPU
		{4C077E3D-79BE-44F5-BB98-8DCB95046734}.QA|Any CPU.ActiveCfg = Release|Any CPU
		{4C077E3D-79BE-44F5-BB98-8DCB95046734}.QA|Any CPU.Build.0 = Release|Any CPU
		{4C077E3D-79BE-44F5-BB98-8DCB95046734}.Release|Any CPU.ActiveCfg = Release|Any CPU
		{4C077E3D-79BE-44F5-BB98-8DCB95046734}.Release|Any CPU.Build.0 = Release|Any CPU
		{4C077E3D-79BE-44F5-BB98-8DCB95046734}.STAGING|Any CPU.ActiveCfg = Release|Any CPU
		{4C077E3D-79BE-44F5-BB98-8DCB95046734}.STAGING|Any CPU.Build.0 = Release|Any CPU
		{4C077E3D-79BE-44F5-BB98-8DCB95046734}.TEST|Any CPU.ActiveCfg = Release|Any CPU
		{4C077E3D-79BE-44F5-BB98-8DCB95046734}.TEST|Any CPU.Build.0 = Release|Any CPU
		{440DE345-5B66-410D-89C8-81BB2F17631A}.Debug|Any CPU.ActiveCfg = Debug|Any CPU
		{440DE345-5B66-410D-89C8-81BB2F17631A}.Debug|Any CPU.Build.0 = Debug|Any CPU
		{440DE345-5B66-410D-89C8-81BB2F17631A}.DEV|Any CPU.ActiveCfg = Debug|Any CPU
		{440DE345-5B66-410D-89C8-81BB2F17631A}.DEV|Any CPU.Build.0 = Debug|Any CPU
		{440DE345-5B66-410D-89C8-81BB2F17631A}.PROD|Any CPU.ActiveCfg = Release|Any CPU
		{440DE345-5B66-410D-89C8-81BB2F17631A}.PROD|Any CPU.Build.0 = Release|Any CPU
		{440DE345-5B66-410D-89C8-81BB2F17631A}.QA|Any CPU.ActiveCfg = Release|Any CPU
		{440DE345-5B66-410D-89C8-81BB2F17631A}.QA|Any CPU.Build.0 = Release|Any CPU
		{440DE345-5B66-410D-89C8-81BB2F17631A}.Release|Any CPU.ActiveCfg = Release|Any CPU
		{440DE345-5B66-410D-89C8-81BB2F17631A}.Release|Any CPU.Build.0 = Release|Any CPU
		{440DE345-5B66-410D-89C8-81BB2F17631A}.STAGING|Any CPU.ActiveCfg = Release|Any CPU
		{440DE345-5B66-410D-89C8-81BB2F17631A}.STAGING|Any CPU.Build.0 = Release|Any CPU
		{440DE345-5B66-410D-89C8-81BB2F17631A}.TEST|Any CPU.ActiveCfg = Release|Any CPU
		{440DE345-5B66-410D-89C8-81BB2F17631A}.TEST|Any CPU.Build.0 = Release|Any CPU
		{1787DFB6-1A76-429E-BC5C-FDC6EC11C6A6}.Debug|Any CPU.ActiveCfg = Debug|Any CPU
		{1787DFB6-1A76-429E-BC5C-FDC6EC11C6A6}.Debug|Any CPU.Build.0 = Debug|Any CPU
		{1787DFB6-1A76-429E-BC5C-FDC6EC11C6A6}.DEV|Any CPU.ActiveCfg = Debug|Any CPU
		{1787DFB6-1A76-429E-BC5C-FDC6EC11C6A6}.DEV|Any CPU.Build.0 = Debug|Any CPU
		{1787DFB6-1A76-429E-BC5C-FDC6EC11C6A6}.PROD|Any CPU.ActiveCfg = Release|Any CPU
		{1787DFB6-1A76-429E-BC5C-FDC6EC11C6A6}.PROD|Any CPU.Build.0 = Release|Any CPU
		{1787DFB6-1A76-429E-BC5C-FDC6EC11C6A6}.QA|Any CPU.ActiveCfg = Release|Any CPU
		{1787DFB6-1A76-429E-BC5C-FDC6EC11C6A6}.QA|Any CPU.Build.0 = Release|Any CPU
		{1787DFB6-1A76-429E-BC5C-FDC6EC11C6A6}.Release|Any CPU.ActiveCfg = Release|Any CPU
		{1787DFB6-1A76-429E-BC5C-FDC6EC11C6A6}.Release|Any CPU.Build.0 = Release|Any CPU
		{1787DFB6-1A76-429E-BC5C-FDC6EC11C6A6}.STAGING|Any CPU.ActiveCfg = Release|Any CPU
		{1787DFB6-1A76-429E-BC5C-FDC6EC11C6A6}.STAGING|Any CPU.Build.0 = Release|Any CPU
		{1787DFB6-1A76-429E-BC5C-FDC6EC11C6A6}.TEST|Any CPU.ActiveCfg = Release|Any CPU
		{1787DFB6-1A76-429E-BC5C-FDC6EC11C6A6}.TEST|Any CPU.Build.0 = Release|Any CPU
		{7C8F4F24-E7A2-4FF6-AD96-F85AFFAFD615}.Debug|Any CPU.ActiveCfg = Debug|Any CPU
		{7C8F4F24-E7A2-4FF6-AD96-F85AFFAFD615}.Debug|Any CPU.Build.0 = Debug|Any CPU
		{7C8F4F24-E7A2-4FF6-AD96-F85AFFAFD615}.DEV|Any CPU.ActiveCfg = Debug|Any CPU
		{7C8F4F24-E7A2-4FF6-AD96-F85AFFAFD615}.DEV|Any CPU.Build.0 = Debug|Any CPU
		{7C8F4F24-E7A2-4FF6-AD96-F85AFFAFD615}.PROD|Any CPU.ActiveCfg = Release|Any CPU
		{7C8F4F24-E7A2-4FF6-AD96-F85AFFAFD615}.PROD|Any CPU.Build.0 = Release|Any CPU
		{7C8F4F24-E7A2-4FF6-AD96-F85AFFAFD615}.QA|Any CPU.ActiveCfg = Release|Any CPU
		{7C8F4F24-E7A2-4FF6-AD96-F85AFFAFD615}.QA|Any CPU.Build.0 = Release|Any CPU
		{7C8F4F24-E7A2-4FF6-AD96-F85AFFAFD615}.Release|Any CPU.ActiveCfg = Release|Any CPU
		{7C8F4F24-E7A2-4FF6-AD96-F85AFFAFD615}.Release|Any CPU.Build.0 = Release|Any CPU
		{7C8F4F24-E7A2-4FF6-AD96-F85AFFAFD615}.STAGING|Any CPU.ActiveCfg = Release|Any CPU
		{7C8F4F24-E7A2-4FF6-AD96-F85AFFAFD615}.STAGING|Any CPU.Build.0 = Release|Any CPU
		{7C8F4F24-E7A2-4FF6-AD96-F85AFFAFD615}.TEST|Any CPU.ActiveCfg = Release|Any CPU
		{7C8F4F24-E7A2-4FF6-AD96-F85AFFAFD615}.TEST|Any CPU.Build.0 = Release|Any CPU
		{9E269EC5-C0E0-4E48-84FA-4B7FDED1967F}.Debug|Any CPU.ActiveCfg = Debug|Any CPU
		{9E269EC5-C0E0-4E48-84FA-4B7FDED1967F}.Debug|Any CPU.Build.0 = Debug|Any CPU
		{9E269EC5-C0E0-4E48-84FA-4B7FDED1967F}.DEV|Any CPU.ActiveCfg = Debug|Any CPU
		{9E269EC5-C0E0-4E48-84FA-4B7FDED1967F}.DEV|Any CPU.Build.0 = Debug|Any CPU
		{9E269EC5-C0E0-4E48-84FA-4B7FDED1967F}.PROD|Any CPU.ActiveCfg = Release|Any CPU
		{9E269EC5-C0E0-4E48-84FA-4B7FDED1967F}.PROD|Any CPU.Build.0 = Release|Any CPU
		{9E269EC5-C0E0-4E48-84FA-4B7FDED1967F}.QA|Any CPU.ActiveCfg = Release|Any CPU
		{9E269EC5-C0E0-4E48-84FA-4B7FDED1967F}.QA|Any CPU.Build.0 = Release|Any CPU
		{9E269EC5-C0E0-4E48-84FA-4B7FDED1967F}.Release|Any CPU.ActiveCfg = Release|Any CPU
		{9E269EC5-C0E0-4E48-84FA-4B7FDED1967F}.Release|Any CPU.Build.0 = Release|Any CPU
		{9E269EC5-C0E0-4E48-84FA-4B7FDED1967F}.STAGING|Any CPU.ActiveCfg = Release|Any CPU
		{9E269EC5-C0E0-4E48-84FA-4B7FDED1967F}.STAGING|Any CPU.Build.0 = Release|Any CPU
		{9E269EC5-C0E0-4E48-84FA-4B7FDED1967F}.TEST|Any CPU.ActiveCfg = Release|Any CPU
		{9E269EC5-C0E0-4E48-84FA-4B7FDED1967F}.TEST|Any CPU.Build.0 = Release|Any CPU
		{CA92D392-0712-454C-A8C1-F3EB1955C7A5}.Debug|Any CPU.ActiveCfg = Debug|Any CPU
		{CA92D392-0712-454C-A8C1-F3EB1955C7A5}.Debug|Any CPU.Build.0 = Debug|Any CPU
		{CA92D392-0712-454C-A8C1-F3EB1955C7A5}.DEV|Any CPU.ActiveCfg = Debug|Any CPU
		{CA92D392-0712-454C-A8C1-F3EB1955C7A5}.DEV|Any CPU.Build.0 = Debug|Any CPU
		{CA92D392-0712-454C-A8C1-F3EB1955C7A5}.PROD|Any CPU.ActiveCfg = Release|Any CPU
		{CA92D392-0712-454C-A8C1-F3EB1955C7A5}.PROD|Any CPU.Build.0 = Release|Any CPU
		{CA92D392-0712-454C-A8C1-F3EB1955C7A5}.QA|Any CPU.ActiveCfg = Release|Any CPU
		{CA92D392-0712-454C-A8C1-F3EB1955C7A5}.QA|Any CPU.Build.0 = Release|Any CPU
		{CA92D392-0712-454C-A8C1-F3EB1955C7A5}.Release|Any CPU.ActiveCfg = Release|Any CPU
		{CA92D392-0712-454C-A8C1-F3EB1955C7A5}.Release|Any CPU.Build.0 = Release|Any CPU
		{CA92D392-0712-454C-A8C1-F3EB1955C7A5}.STAGING|Any CPU.ActiveCfg = Release|Any CPU
		{CA92D392-0712-454C-A8C1-F3EB1955C7A5}.STAGING|Any CPU.Build.0 = Release|Any CPU
		{CA92D392-0712-454C-A8C1-F3EB1955C7A5}.TEST|Any CPU.ActiveCfg = Release|Any CPU
		{CA92D392-0712-454C-A8C1-F3EB1955C7A5}.TEST|Any CPU.Build.0 = Release|Any CPU
		{342EB5E1-254B-4F99-A179-1F8CAFB44D70}.Debug|Any CPU.ActiveCfg = Debug|Any CPU
		{342EB5E1-254B-4F99-A179-1F8CAFB44D70}.Debug|Any CPU.Build.0 = Debug|Any CPU
		{342EB5E1-254B-4F99-A179-1F8CAFB44D70}.DEV|Any CPU.ActiveCfg = Debug|Any CPU
		{342EB5E1-254B-4F99-A179-1F8CAFB44D70}.DEV|Any CPU.Build.0 = Debug|Any CPU
		{342EB5E1-254B-4F99-A179-1F8CAFB44D70}.PROD|Any CPU.ActiveCfg = Release|Any CPU
		{342EB5E1-254B-4F99-A179-1F8CAFB44D70}.PROD|Any CPU.Build.0 = Release|Any CPU
		{342EB5E1-254B-4F99-A179-1F8CAFB44D70}.QA|Any CPU.ActiveCfg = Release|Any CPU
		{342EB5E1-254B-4F99-A179-1F8CAFB44D70}.QA|Any CPU.Build.0 = Release|Any CPU
		{342EB5E1-254B-4F99-A179-1F8CAFB44D70}.Release|Any CPU.ActiveCfg = Release|Any CPU
		{342EB5E1-254B-4F99-A179-1F8CAFB44D70}.Release|Any CPU.Build.0 = Release|Any CPU
		{342EB5E1-254B-4F99-A179-1F8CAFB44D70}.STAGING|Any CPU.ActiveCfg = Release|Any CPU
		{342EB5E1-254B-4F99-A179-1F8CAFB44D70}.STAGING|Any CPU.Build.0 = Release|Any CPU
		{342EB5E1-254B-4F99-A179-1F8CAFB44D70}.TEST|Any CPU.ActiveCfg = Release|Any CPU
		{342EB5E1-254B-4F99-A179-1F8CAFB44D70}.TEST|Any CPU.Build.0 = Release|Any CPU
		{CAB5BB33-0CDC-4B66-A2CA-A2DA1653CEE9}.Debug|Any CPU.ActiveCfg = Debug|Any CPU
		{CAB5BB33-0CDC-4B66-A2CA-A2DA1653CEE9}.Debug|Any CPU.Build.0 = Debug|Any CPU
		{CAB5BB33-0CDC-4B66-A2CA-A2DA1653CEE9}.DEV|Any CPU.ActiveCfg = Debug|Any CPU
		{CAB5BB33-0CDC-4B66-A2CA-A2DA1653CEE9}.DEV|Any CPU.Build.0 = Debug|Any CPU
		{CAB5BB33-0CDC-4B66-A2CA-A2DA1653CEE9}.PROD|Any CPU.ActiveCfg = Release|Any CPU
		{CAB5BB33-0CDC-4B66-A2CA-A2DA1653CEE9}.PROD|Any CPU.Build.0 = Release|Any CPU
		{CAB5BB33-0CDC-4B66-A2CA-A2DA1653CEE9}.QA|Any CPU.ActiveCfg = Release|Any CPU
		{CAB5BB33-0CDC-4B66-A2CA-A2DA1653CEE9}.QA|Any CPU.Build.0 = Release|Any CPU
		{CAB5BB33-0CDC-4B66-A2CA-A2DA1653CEE9}.Release|Any CPU.ActiveCfg = Release|Any CPU
		{CAB5BB33-0CDC-4B66-A2CA-A2DA1653CEE9}.Release|Any CPU.Build.0 = Release|Any CPU
		{CAB5BB33-0CDC-4B66-A2CA-A2DA1653CEE9}.STAGING|Any CPU.ActiveCfg = Release|Any CPU
		{CAB5BB33-0CDC-4B66-A2CA-A2DA1653CEE9}.STAGING|Any CPU.Build.0 = Release|Any CPU
		{CAB5BB33-0CDC-4B66-A2CA-A2DA1653CEE9}.TEST|Any CPU.ActiveCfg = Release|Any CPU
		{CAB5BB33-0CDC-4B66-A2CA-A2DA1653CEE9}.TEST|Any CPU.Build.0 = Release|Any CPU
		{07C4C693-D119-4887-954C-22C86C54537B}.Debug|Any CPU.ActiveCfg = Debug|Any CPU
		{07C4C693-D119-4887-954C-22C86C54537B}.Debug|Any CPU.Build.0 = Debug|Any CPU
		{07C4C693-D119-4887-954C-22C86C54537B}.DEV|Any CPU.ActiveCfg = Debug|Any CPU
		{07C4C693-D119-4887-954C-22C86C54537B}.DEV|Any CPU.Build.0 = Debug|Any CPU
		{07C4C693-D119-4887-954C-22C86C54537B}.PROD|Any CPU.ActiveCfg = Release|Any CPU
		{07C4C693-D119-4887-954C-22C86C54537B}.PROD|Any CPU.Build.0 = Release|Any CPU
		{07C4C693-D119-4887-954C-22C86C54537B}.QA|Any CPU.ActiveCfg = Release|Any CPU
		{07C4C693-D119-4887-954C-22C86C54537B}.QA|Any CPU.Build.0 = Release|Any CPU
		{07C4C693-D119-4887-954C-22C86C54537B}.Release|Any CPU.ActiveCfg = Release|Any CPU
		{07C4C693-D119-4887-954C-22C86C54537B}.Release|Any CPU.Build.0 = Release|Any CPU
		{07C4C693-D119-4887-954C-22C86C54537B}.STAGING|Any CPU.ActiveCfg = Release|Any CPU
		{07C4C693-D119-4887-954C-22C86C54537B}.STAGING|Any CPU.Build.0 = Release|Any CPU
		{07C4C693-D119-4887-954C-22C86C54537B}.TEST|Any CPU.ActiveCfg = Release|Any CPU
		{07C4C693-D119-4887-954C-22C86C54537B}.TEST|Any CPU.Build.0 = Release|Any CPU
		{1711B3F1-2DB3-4202-ADC0-924808DCAAB0}.Debug|Any CPU.ActiveCfg = Debug|Any CPU
		{1711B3F1-2DB3-4202-ADC0-924808DCAAB0}.Debug|Any CPU.Build.0 = Debug|Any CPU
		{1711B3F1-2DB3-4202-ADC0-924808DCAAB0}.DEV|Any CPU.ActiveCfg = Debug|Any CPU
		{1711B3F1-2DB3-4202-ADC0-924808DCAAB0}.DEV|Any CPU.Build.0 = Debug|Any CPU
		{1711B3F1-2DB3-4202-ADC0-924808DCAAB0}.PROD|Any CPU.ActiveCfg = Release|Any CPU
		{1711B3F1-2DB3-4202-ADC0-924808DCAAB0}.PROD|Any CPU.Build.0 = Release|Any CPU
		{1711B3F1-2DB3-4202-ADC0-924808DCAAB0}.QA|Any CPU.ActiveCfg = Release|Any CPU
		{1711B3F1-2DB3-4202-ADC0-924808DCAAB0}.QA|Any CPU.Build.0 = Release|Any CPU
		{1711B3F1-2DB3-4202-ADC0-924808DCAAB0}.Release|Any CPU.ActiveCfg = Release|Any CPU
		{1711B3F1-2DB3-4202-ADC0-924808DCAAB0}.Release|Any CPU.Build.0 = Release|Any CPU
		{1711B3F1-2DB3-4202-ADC0-924808DCAAB0}.STAGING|Any CPU.ActiveCfg = Release|Any CPU
		{1711B3F1-2DB3-4202-ADC0-924808DCAAB0}.STAGING|Any CPU.Build.0 = Release|Any CPU
		{1711B3F1-2DB3-4202-ADC0-924808DCAAB0}.TEST|Any CPU.ActiveCfg = Release|Any CPU
		{1711B3F1-2DB3-4202-ADC0-924808DCAAB0}.TEST|Any CPU.Build.0 = Release|Any CPU
		{5B2317DA-5FBE-4581-8AA7-5730B34FAFB2}.Debug|Any CPU.ActiveCfg = Debug|Any CPU
		{5B2317DA-5FBE-4581-8AA7-5730B34FAFB2}.Debug|Any CPU.Build.0 = Debug|Any CPU
		{5B2317DA-5FBE-4581-8AA7-5730B34FAFB2}.DEV|Any CPU.ActiveCfg = Debug|Any CPU
		{5B2317DA-5FBE-4581-8AA7-5730B34FAFB2}.DEV|Any CPU.Build.0 = Debug|Any CPU
		{5B2317DA-5FBE-4581-8AA7-5730B34FAFB2}.PROD|Any CPU.ActiveCfg = Release|Any CPU
		{5B2317DA-5FBE-4581-8AA7-5730B34FAFB2}.PROD|Any CPU.Build.0 = Release|Any CPU
		{5B2317DA-5FBE-4581-8AA7-5730B34FAFB2}.QA|Any CPU.ActiveCfg = Release|Any CPU
		{5B2317DA-5FBE-4581-8AA7-5730B34FAFB2}.QA|Any CPU.Build.0 = Release|Any CPU
		{5B2317DA-5FBE-4581-8AA7-5730B34FAFB2}.Release|Any CPU.ActiveCfg = Release|Any CPU
		{5B2317DA-5FBE-4581-8AA7-5730B34FAFB2}.Release|Any CPU.Build.0 = Release|Any CPU
		{5B2317DA-5FBE-4581-8AA7-5730B34FAFB2}.STAGING|Any CPU.ActiveCfg = Release|Any CPU
		{5B2317DA-5FBE-4581-8AA7-5730B34FAFB2}.STAGING|Any CPU.Build.0 = Release|Any CPU
		{5B2317DA-5FBE-4581-8AA7-5730B34FAFB2}.TEST|Any CPU.ActiveCfg = Release|Any CPU
		{5B2317DA-5FBE-4581-8AA7-5730B34FAFB2}.TEST|Any CPU.Build.0 = Release|Any CPU
		{A7FFDEB8-1D00-45D7-8AE0-C01792ECB13A}.Debug|Any CPU.ActiveCfg = Debug|Any CPU
		{A7FFDEB8-1D00-45D7-8AE0-C01792ECB13A}.Debug|Any CPU.Build.0 = Debug|Any CPU
		{A7FFDEB8-1D00-45D7-8AE0-C01792ECB13A}.DEV|Any CPU.ActiveCfg = Debug|Any CPU
		{A7FFDEB8-1D00-45D7-8AE0-C01792ECB13A}.DEV|Any CPU.Build.0 = Debug|Any CPU
		{A7FFDEB8-1D00-45D7-8AE0-C01792ECB13A}.PROD|Any CPU.ActiveCfg = Release|Any CPU
		{A7FFDEB8-1D00-45D7-8AE0-C01792ECB13A}.PROD|Any CPU.Build.0 = Release|Any CPU
		{A7FFDEB8-1D00-45D7-8AE0-C01792ECB13A}.QA|Any CPU.ActiveCfg = Release|Any CPU
		{A7FFDEB8-1D00-45D7-8AE0-C01792ECB13A}.QA|Any CPU.Build.0 = Release|Any CPU
		{A7FFDEB8-1D00-45D7-8AE0-C01792ECB13A}.Release|Any CPU.ActiveCfg = Release|Any CPU
		{A7FFDEB8-1D00-45D7-8AE0-C01792ECB13A}.Release|Any CPU.Build.0 = Release|Any CPU
		{A7FFDEB8-1D00-45D7-8AE0-C01792ECB13A}.STAGING|Any CPU.ActiveCfg = Release|Any CPU
		{A7FFDEB8-1D00-45D7-8AE0-C01792ECB13A}.STAGING|Any CPU.Build.0 = Release|Any CPU
		{A7FFDEB8-1D00-45D7-8AE0-C01792ECB13A}.TEST|Any CPU.ActiveCfg = Release|Any CPU
		{A7FFDEB8-1D00-45D7-8AE0-C01792ECB13A}.TEST|Any CPU.Build.0 = Release|Any CPU
		{CBE8D1D9-8C13-49C0-ADA2-400392437424}.Debug|Any CPU.ActiveCfg = Debug|Any CPU
		{CBE8D1D9-8C13-49C0-ADA2-400392437424}.Debug|Any CPU.Build.0 = Debug|Any CPU
		{CBE8D1D9-8C13-49C0-ADA2-400392437424}.DEV|Any CPU.ActiveCfg = Debug|Any CPU
		{CBE8D1D9-8C13-49C0-ADA2-400392437424}.DEV|Any CPU.Build.0 = Debug|Any CPU
		{CBE8D1D9-8C13-49C0-ADA2-400392437424}.PROD|Any CPU.ActiveCfg = Release|Any CPU
		{CBE8D1D9-8C13-49C0-ADA2-400392437424}.PROD|Any CPU.Build.0 = Release|Any CPU
		{CBE8D1D9-8C13-49C0-ADA2-400392437424}.QA|Any CPU.ActiveCfg = Release|Any CPU
		{CBE8D1D9-8C13-49C0-ADA2-400392437424}.QA|Any CPU.Build.0 = Release|Any CPU
		{CBE8D1D9-8C13-49C0-ADA2-400392437424}.Release|Any CPU.ActiveCfg = Release|Any CPU
		{CBE8D1D9-8C13-49C0-ADA2-400392437424}.Release|Any CPU.Build.0 = Release|Any CPU
		{CBE8D1D9-8C13-49C0-ADA2-400392437424}.STAGING|Any CPU.ActiveCfg = Release|Any CPU
		{CBE8D1D9-8C13-49C0-ADA2-400392437424}.STAGING|Any CPU.Build.0 = Release|Any CPU
		{CBE8D1D9-8C13-49C0-ADA2-400392437424}.TEST|Any CPU.ActiveCfg = Release|Any CPU
		{CBE8D1D9-8C13-49C0-ADA2-400392437424}.TEST|Any CPU.Build.0 = Release|Any CPU
		{BB8817AE-48DF-4672-A1CB-CFB7441B88DA}.Debug|Any CPU.ActiveCfg = Debug|Any CPU
		{BB8817AE-48DF-4672-A1CB-CFB7441B88DA}.Debug|Any CPU.Build.0 = Debug|Any CPU
		{BB8817AE-48DF-4672-A1CB-CFB7441B88DA}.DEV|Any CPU.ActiveCfg = DEV|Any CPU
		{BB8817AE-48DF-4672-A1CB-CFB7441B88DA}.DEV|Any CPU.Build.0 = DEV|Any CPU
		{BB8817AE-48DF-4672-A1CB-CFB7441B88DA}.PROD|Any CPU.ActiveCfg = PROD|Any CPU
		{BB8817AE-48DF-4672-A1CB-CFB7441B88DA}.PROD|Any CPU.Build.0 = PROD|Any CPU
		{BB8817AE-48DF-4672-A1CB-CFB7441B88DA}.QA|Any CPU.ActiveCfg = QA|Any CPU
		{BB8817AE-48DF-4672-A1CB-CFB7441B88DA}.QA|Any CPU.Build.0 = QA|Any CPU
		{BB8817AE-48DF-4672-A1CB-CFB7441B88DA}.Release|Any CPU.ActiveCfg = Release|Any CPU
		{BB8817AE-48DF-4672-A1CB-CFB7441B88DA}.Release|Any CPU.Build.0 = Release|Any CPU
		{BB8817AE-48DF-4672-A1CB-CFB7441B88DA}.STAGING|Any CPU.ActiveCfg = Staging|Any CPU
		{BB8817AE-48DF-4672-A1CB-CFB7441B88DA}.STAGING|Any CPU.Build.0 = Staging|Any CPU
		{BB8817AE-48DF-4672-A1CB-CFB7441B88DA}.TEST|Any CPU.ActiveCfg = TEST|Any CPU
		{BB8817AE-48DF-4672-A1CB-CFB7441B88DA}.TEST|Any CPU.Build.0 = TEST|Any CPU
		{00DBE57F-442E-4C12-8CBB-DC07DA89E8D1}.Debug|Any CPU.ActiveCfg = Debug|Any CPU
		{00DBE57F-442E-4C12-8CBB-DC07DA89E8D1}.Debug|Any CPU.Build.0 = Debug|Any CPU
		{00DBE57F-442E-4C12-8CBB-DC07DA89E8D1}.DEV|Any CPU.ActiveCfg = Debug|Any CPU
		{00DBE57F-442E-4C12-8CBB-DC07DA89E8D1}.DEV|Any CPU.Build.0 = Debug|Any CPU
		{00DBE57F-442E-4C12-8CBB-DC07DA89E8D1}.PROD|Any CPU.ActiveCfg = Release|Any CPU
		{00DBE57F-442E-4C12-8CBB-DC07DA89E8D1}.PROD|Any CPU.Build.0 = Release|Any CPU
		{00DBE57F-442E-4C12-8CBB-DC07DA89E8D1}.QA|Any CPU.ActiveCfg = Release|Any CPU
		{00DBE57F-442E-4C12-8CBB-DC07DA89E8D1}.QA|Any CPU.Build.0 = Release|Any CPU
		{00DBE57F-442E-4C12-8CBB-DC07DA89E8D1}.Release|Any CPU.ActiveCfg = Release|Any CPU
		{00DBE57F-442E-4C12-8CBB-DC07DA89E8D1}.Release|Any CPU.Build.0 = Release|Any CPU
		{00DBE57F-442E-4C12-8CBB-DC07DA89E8D1}.STAGING|Any CPU.ActiveCfg = Release|Any CPU
		{00DBE57F-442E-4C12-8CBB-DC07DA89E8D1}.STAGING|Any CPU.Build.0 = Release|Any CPU
		{00DBE57F-442E-4C12-8CBB-DC07DA89E8D1}.TEST|Any CPU.ActiveCfg = Release|Any CPU
		{00DBE57F-442E-4C12-8CBB-DC07DA89E8D1}.TEST|Any CPU.Build.0 = Release|Any CPU
		{159775FA-43A2-41B2-8B60-F1448ED94513}.Debug|Any CPU.ActiveCfg = Debug|Any CPU
		{159775FA-43A2-41B2-8B60-F1448ED94513}.Debug|Any CPU.Build.0 = Debug|Any CPU
		{159775FA-43A2-41B2-8B60-F1448ED94513}.DEV|Any CPU.ActiveCfg = Debug|Any CPU
		{159775FA-43A2-41B2-8B60-F1448ED94513}.DEV|Any CPU.Build.0 = Debug|Any CPU
		{159775FA-43A2-41B2-8B60-F1448ED94513}.PROD|Any CPU.ActiveCfg = Release|Any CPU
		{159775FA-43A2-41B2-8B60-F1448ED94513}.PROD|Any CPU.Build.0 = Release|Any CPU
		{159775FA-43A2-41B2-8B60-F1448ED94513}.QA|Any CPU.ActiveCfg = Release|Any CPU
		{159775FA-43A2-41B2-8B60-F1448ED94513}.QA|Any CPU.Build.0 = Release|Any CPU
		{159775FA-43A2-41B2-8B60-F1448ED94513}.Release|Any CPU.ActiveCfg = Release|Any CPU
		{159775FA-43A2-41B2-8B60-F1448ED94513}.Release|Any CPU.Build.0 = Release|Any CPU
		{159775FA-43A2-41B2-8B60-F1448ED94513}.STAGING|Any CPU.ActiveCfg = Release|Any CPU
		{159775FA-43A2-41B2-8B60-F1448ED94513}.STAGING|Any CPU.Build.0 = Release|Any CPU
		{159775FA-43A2-41B2-8B60-F1448ED94513}.TEST|Any CPU.ActiveCfg = Release|Any CPU
		{159775FA-43A2-41B2-8B60-F1448ED94513}.TEST|Any CPU.Build.0 = Release|Any CPU
		{BFEB07BD-D386-4292-AE71-0EA78322AD56}.Debug|Any CPU.ActiveCfg = Debug|Any CPU
		{BFEB07BD-D386-4292-AE71-0EA78322AD56}.Debug|Any CPU.Build.0 = Debug|Any CPU
		{BFEB07BD-D386-4292-AE71-0EA78322AD56}.DEV|Any CPU.ActiveCfg = Debug|Any CPU
		{BFEB07BD-D386-4292-AE71-0EA78322AD56}.DEV|Any CPU.Build.0 = Debug|Any CPU
		{BFEB07BD-D386-4292-AE71-0EA78322AD56}.PROD|Any CPU.ActiveCfg = Debug|Any CPU
		{BFEB07BD-D386-4292-AE71-0EA78322AD56}.PROD|Any CPU.Build.0 = Debug|Any CPU
		{BFEB07BD-D386-4292-AE71-0EA78322AD56}.QA|Any CPU.ActiveCfg = Debug|Any CPU
		{BFEB07BD-D386-4292-AE71-0EA78322AD56}.QA|Any CPU.Build.0 = Debug|Any CPU
		{BFEB07BD-D386-4292-AE71-0EA78322AD56}.Release|Any CPU.ActiveCfg = Release|Any CPU
		{BFEB07BD-D386-4292-AE71-0EA78322AD56}.Release|Any CPU.Build.0 = Release|Any CPU
		{BFEB07BD-D386-4292-AE71-0EA78322AD56}.STAGING|Any CPU.ActiveCfg = Debug|Any CPU
		{BFEB07BD-D386-4292-AE71-0EA78322AD56}.STAGING|Any CPU.Build.0 = Debug|Any CPU
		{BFEB07BD-D386-4292-AE71-0EA78322AD56}.TEST|Any CPU.ActiveCfg = Debug|Any CPU
		{BFEB07BD-D386-4292-AE71-0EA78322AD56}.TEST|Any CPU.Build.0 = Debug|Any CPU
		{B399B328-5D22-413B-B3E1-604D0D754D6D}.Debug|Any CPU.ActiveCfg = Debug|Any CPU
		{B399B328-5D22-413B-B3E1-604D0D754D6D}.Debug|Any CPU.Build.0 = Debug|Any CPU
		{B399B328-5D22-413B-B3E1-604D0D754D6D}.DEV|Any CPU.ActiveCfg = Debug|Any CPU
		{B399B328-5D22-413B-B3E1-604D0D754D6D}.DEV|Any CPU.Build.0 = Debug|Any CPU
		{B399B328-5D22-413B-B3E1-604D0D754D6D}.PROD|Any CPU.ActiveCfg = Debug|Any CPU
		{B399B328-5D22-413B-B3E1-604D0D754D6D}.PROD|Any CPU.Build.0 = Debug|Any CPU
		{B399B328-5D22-413B-B3E1-604D0D754D6D}.QA|Any CPU.ActiveCfg = Debug|Any CPU
		{B399B328-5D22-413B-B3E1-604D0D754D6D}.QA|Any CPU.Build.0 = Debug|Any CPU
		{B399B328-5D22-413B-B3E1-604D0D754D6D}.Release|Any CPU.ActiveCfg = Release|Any CPU
		{B399B328-5D22-413B-B3E1-604D0D754D6D}.Release|Any CPU.Build.0 = Release|Any CPU
		{B399B328-5D22-413B-B3E1-604D0D754D6D}.STAGING|Any CPU.ActiveCfg = Debug|Any CPU
		{B399B328-5D22-413B-B3E1-604D0D754D6D}.STAGING|Any CPU.Build.0 = Debug|Any CPU
		{B399B328-5D22-413B-B3E1-604D0D754D6D}.TEST|Any CPU.ActiveCfg = Debug|Any CPU
		{B399B328-5D22-413B-B3E1-604D0D754D6D}.TEST|Any CPU.Build.0 = Debug|Any CPU
		{B8D78469-401E-4998-B8BD-87EEC588ED4B}.Debug|Any CPU.ActiveCfg = Debug|Any CPU
		{B8D78469-401E-4998-B8BD-87EEC588ED4B}.Debug|Any CPU.Build.0 = Debug|Any CPU
		{B8D78469-401E-4998-B8BD-87EEC588ED4B}.DEV|Any CPU.ActiveCfg = Debug|Any CPU
		{B8D78469-401E-4998-B8BD-87EEC588ED4B}.DEV|Any CPU.Build.0 = Debug|Any CPU
		{B8D78469-401E-4998-B8BD-87EEC588ED4B}.PROD|Any CPU.ActiveCfg = Debug|Any CPU
		{B8D78469-401E-4998-B8BD-87EEC588ED4B}.PROD|Any CPU.Build.0 = Debug|Any CPU
		{B8D78469-401E-4998-B8BD-87EEC588ED4B}.QA|Any CPU.ActiveCfg = Debug|Any CPU
		{B8D78469-401E-4998-B8BD-87EEC588ED4B}.QA|Any CPU.Build.0 = Debug|Any CPU
		{B8D78469-401E-4998-B8BD-87EEC588ED4B}.Release|Any CPU.ActiveCfg = Release|Any CPU
		{B8D78469-401E-4998-B8BD-87EEC588ED4B}.Release|Any CPU.Build.0 = Release|Any CPU
		{B8D78469-401E-4998-B8BD-87EEC588ED4B}.STAGING|Any CPU.ActiveCfg = Debug|Any CPU
		{B8D78469-401E-4998-B8BD-87EEC588ED4B}.STAGING|Any CPU.Build.0 = Debug|Any CPU
		{B8D78469-401E-4998-B8BD-87EEC588ED4B}.TEST|Any CPU.ActiveCfg = Debug|Any CPU
		{B8D78469-401E-4998-B8BD-87EEC588ED4B}.TEST|Any CPU.Build.0 = Debug|Any CPU
	EndGlobalSection
	GlobalSection(SolutionProperties) = preSolution
		HideSolutionNode = FALSE
	EndGlobalSection
	GlobalSection(NestedProjects) = preSolution
		{1FBA3A73-F126-4E4A-99F8-0F84CFBA0AD1} = {A652BF89-6F48-4F67-86B6-BD78D855987E}
		{A652BF89-6F48-4F67-86B6-BD78D855987E} = {526EEE51-B3A7-4B7B-A3D7-45D911B677E2}
		{099B698E-334E-47C8-8B86-3B39C1AF6F26} = {A652BF89-6F48-4F67-86B6-BD78D855987E}
		{C84322DC-35E9-4159-8D06-C2FE5B352ED1} = {A652BF89-6F48-4F67-86B6-BD78D855987E}
		{468429FD-3E75-4D47-83A2-D7357167C631} = {A652BF89-6F48-4F67-86B6-BD78D855987E}
		{5D896C13-DC00-4556-A631-B884A46E50AD} = {A652BF89-6F48-4F67-86B6-BD78D855987E}
		{3189D3CE-CE05-4783-83B0-AE7EA52F123B} = {A652BF89-6F48-4F67-86B6-BD78D855987E}
		{A3CC76B0-9EDF-40BD-AEA3-F8F477543766} = {526EEE51-B3A7-4B7B-A3D7-45D911B677E2}
		{4E1AED6C-8285-4FF4-9C0F-0A9DDCE25F4A} = {A652BF89-6F48-4F67-86B6-BD78D855987E}
		{13FCF4CC-18C8-47EC-A511-9C2D91CBDB70} = {A652BF89-6F48-4F67-86B6-BD78D855987E}
		{3536679F-42EB-4BA1-AAF8-876A28ACC104} = {526EEE51-B3A7-4B7B-A3D7-45D911B677E2}
		{B551B5E5-67EB-4F2C-B322-EEF5010D37CE} = {A3CC76B0-9EDF-40BD-AEA3-F8F477543766}
		{E3087492-D176-40BE-A423-0C76B0A27F59} = {3536679F-42EB-4BA1-AAF8-876A28ACC104}
		{4C077E3D-79BE-44F5-BB98-8DCB95046734} = {A652BF89-6F48-4F67-86B6-BD78D855987E}
		{440DE345-5B66-410D-89C8-81BB2F17631A} = {A652BF89-6F48-4F67-86B6-BD78D855987E}
		{1787DFB6-1A76-429E-BC5C-FDC6EC11C6A6} = {A652BF89-6F48-4F67-86B6-BD78D855987E}
		{7C8F4F24-E7A2-4FF6-AD96-F85AFFAFD615} = {A652BF89-6F48-4F67-86B6-BD78D855987E}
		{9E269EC5-C0E0-4E48-84FA-4B7FDED1967F} = {A652BF89-6F48-4F67-86B6-BD78D855987E}
		{CA92D392-0712-454C-A8C1-F3EB1955C7A5} = {A652BF89-6F48-4F67-86B6-BD78D855987E}
		{342EB5E1-254B-4F99-A179-1F8CAFB44D70} = {A652BF89-6F48-4F67-86B6-BD78D855987E}
		{CAB5BB33-0CDC-4B66-A2CA-A2DA1653CEE9} = {A652BF89-6F48-4F67-86B6-BD78D855987E}
		{07C4C693-D119-4887-954C-22C86C54537B} = {A652BF89-6F48-4F67-86B6-BD78D855987E}
		{1711B3F1-2DB3-4202-ADC0-924808DCAAB0} = {A652BF89-6F48-4F67-86B6-BD78D855987E}
		{5B2317DA-5FBE-4581-8AA7-5730B34FAFB2} = {A652BF89-6F48-4F67-86B6-BD78D855987E}
		{A7FFDEB8-1D00-45D7-8AE0-C01792ECB13A} = {A652BF89-6F48-4F67-86B6-BD78D855987E}
		{CBE8D1D9-8C13-49C0-ADA2-400392437424} = {A652BF89-6F48-4F67-86B6-BD78D855987E}
		{00DBE57F-442E-4C12-8CBB-DC07DA89E8D1} = {A652BF89-6F48-4F67-86B6-BD78D855987E}
		{159775FA-43A2-41B2-8B60-F1448ED94513} = {A652BF89-6F48-4F67-86B6-BD78D855987E}
		{BFEB07BD-D386-4292-AE71-0EA78322AD56} = {A652BF89-6F48-4F67-86B6-BD78D855987E}
		{B399B328-5D22-413B-B3E1-604D0D754D6D} = {A652BF89-6F48-4F67-86B6-BD78D855987E}
		{B8D78469-401E-4998-B8BD-87EEC588ED4B} = {A652BF89-6F48-4F67-86B6-BD78D855987E}
	EndGlobalSection
	GlobalSection(ExtensibilityGlobals) = postSolution
		SolutionGuid = {1391B30F-AF47-4856-9B5A-15546CB29850}
	EndGlobalSection
EndGlobal
